// !$*UTF8*$!
{
	archiveVersion = 1;
	classes = {
	};
	objectVersion = 77;
	objects = {

/* Begin PBXBuildFile section */
		08095D672DFCBD0A008D6698 /* test_interpolate.cpp in Sources */ = {isa = PBXBuildFile; fileRef = 08DDC39C2DFA90C500C6E24A /* test_interpolate.cpp */; };
		08095D7C2DFCBD6C008D6698 /* main.cpp in Sources */ = {isa = PBXBuildFile; fileRef = 08DDC55A2DFCBB0600C6E24A /* main.cpp */; };
		08095D7F2DFCBECB008D6698 /* test_interpolate.cpp in Sources */ = {isa = PBXBuildFile; fileRef = 08DDC39C2DFA90C500C6E24A /* test_interpolate.cpp */; };
		08095D872DFCBEED008D6698 /* test_single_layer_perceptron.cpp in Sources */ = {isa = PBXBuildFile; fileRef = 08DDC5012DFCBB0600C6E24A /* test_single_layer_perceptron.cpp */; };
		08095D882DFCBEED008D6698 /* test_weight_layer.cpp in Sources */ = {isa = PBXBuildFile; fileRef = 08DDC5022DFCBB0600C6E24A /* test_weight_layer.cpp */; };
		08095D892DFCBEED008D6698 /* test_bias_layer.cpp in Sources */ = {isa = PBXBuildFile; fileRef = 08DDC4FE2DFCBB0600C6E24A /* test_bias_layer.cpp */; };
		08095D8A2DFCBEED008D6698 /* test_compose_kenrel.cpp in Sources */ = {isa = PBXBuildFile; fileRef = 08DDC4FF2DFCBB0600C6E24A /* test_compose_kenrel.cpp */; };
		08095D8B2DFCBEED008D6698 /* test_linear_layer.cpp in Sources */ = {isa = PBXBuildFile; fileRef = 08DDC5002DFCBB0600C6E24A /* test_linear_layer.cpp */; };
		08095D982DFCBF64008D6698 /* test_square_layer.cpp in Sources */ = {isa = PBXBuildFile; fileRef = 08DDC5402DFCBB0600C6E24A /* test_square_layer.cpp */; };
		08095D992DFCBF64008D6698 /* test_asinh_layer.cpp in Sources */ = {isa = PBXBuildFile; fileRef = 08DDC53B2DFCBB0600C6E24A /* test_asinh_layer.cpp */; };
		08095D9A2DFCBF64008D6698 /* test_cos_layer.cpp in Sources */ = {isa = PBXBuildFile; fileRef = 08DDC53C2DFCBB0600C6E24A /* test_cos_layer.cpp */; };
		08095D9B2DFCBF64008D6698 /* test_tanh_layer.cpp in Sources */ = {isa = PBXBuildFile; fileRef = 08DDC5432DFCBB0600C6E24A /* test_tanh_layer.cpp */; };
		08095D9C2DFCBF64008D6698 /* test_acos_layer.cpp in Sources */ = {isa = PBXBuildFile; fileRef = 08DDC5372DFCBB0600C6E24A /* test_acos_layer.cpp */; };
		08095D9D2DFCBF64008D6698 /* test_sin_layer.cpp in Sources */ = {isa = PBXBuildFile; fileRef = 08DDC53F2DFCBB0600C6E24A /* test_sin_layer.cpp */; };
		08095D9E2DFCBF64008D6698 /* test_tan_layer.cpp in Sources */ = {isa = PBXBuildFile; fileRef = 08DDC5422DFCBB0600C6E24A /* test_tan_layer.cpp */; };
		08095D9F2DFCBF64008D6698 /* test_multiply_layer.cpp in Sources */ = {isa = PBXBuildFile; fileRef = 08DDC53D2DFCBB0600C6E24A /* test_multiply_layer.cpp */; };
		08095DA02DFCBF64008D6698 /* test_abs_layer.cpp in Sources */ = {isa = PBXBuildFile; fileRef = 08DDC5362DFCBB0600C6E24A /* test_abs_layer.cpp */; };
		08095DA12DFCBF64008D6698 /* test_add_layer.cpp in Sources */ = {isa = PBXBuildFile; fileRef = 08DDC5392DFCBB0600C6E24A /* test_add_layer.cpp */; };
		08095DA22DFCBF64008D6698 /* test_sigmoid_layer.cpp in Sources */ = {isa = PBXBuildFile; fileRef = 08DDC53E2DFCBB0600C6E24A /* test_sigmoid_layer.cpp */; };
		08095DA32DFCBF64008D6698 /* test_asin_layer.cpp in Sources */ = {isa = PBXBuildFile; fileRef = 08DDC53A2DFCBB0600C6E24A /* test_asin_layer.cpp */; };
		08095DA42DFCBF64008D6698 /* test_substract_layer.cpp in Sources */ = {isa = PBXBuildFile; fileRef = 08DDC5412DFCBB0600C6E24A /* test_substract_layer.cpp */; };
		08095DA52DFCBF64008D6698 /* test_acosh_layer.cpp in Sources */ = {isa = PBXBuildFile; fileRef = 08DDC5382DFCBB0600C6E24A /* test_acosh_layer.cpp */; };
		08095DA62DFCBF85008D6698 /* test_relu_layer.cpp in Sources */ = {isa = PBXBuildFile; fileRef = 08DDC5472DFCBB0600C6E24A /* test_relu_layer.cpp */; };
		08095DA72DFCBF85008D6698 /* test_softmax_layer.cpp in Sources */ = {isa = PBXBuildFile; fileRef = 08DDC5482DFCBB0600C6E24A /* test_softmax_layer.cpp */; };
		08095DA82DFCBF85008D6698 /* test_nll_loss_layer.cpp in Sources */ = {isa = PBXBuildFile; fileRef = 08DDC5462DFCBB0600C6E24A /* test_nll_loss_layer.cpp */; };
		08095DA92DFCBF98008D6698 /* test_value_source_layer.cpp in Sources */ = {isa = PBXBuildFile; fileRef = 08DDC54D2DFCBB0600C6E24A /* test_value_source_layer.cpp */; };
		08095DAA2DFCBF98008D6698 /* test_permute_layer.cpp in Sources */ = {isa = PBXBuildFile; fileRef = 08DDC5512DFCBB0600C6E24A /* test_permute_layer.cpp */; };
		08095DAB2DFCBF98008D6698 /* test_param_source_layer.cpp in Sources */ = {isa = PBXBuildFile; fileRef = 08DDC54C2DFCBB0600C6E24A /* test_param_source_layer.cpp */; };
		08095DAC2DFCBF98008D6698 /* test_interpolate_layer.cpp in Sources */ = {isa = PBXBuildFile; fileRef = 08DDC54B2DFCBB0600C6E24A /* test_interpolate_layer.cpp */; };
		08095DAD2DFCBF98008D6698 /* test_dot_layer.cpp in Sources */ = {isa = PBXBuildFile; fileRef = 08DDC5502DFCBB0600C6E24A /* test_dot_layer.cpp */; };
		08095DAE2DFCBF98008D6698 /* test_gru.cpp in Sources */ = {isa = PBXBuildFile; fileRef = 08DDC5562DFCBB0600C6E24A /* test_gru.cpp */; };
		08095DAF2DFCBF98008D6698 /* test_recurrent_layer.cpp in Sources */ = {isa = PBXBuildFile; fileRef = 08DDC5572DFCBB0600C6E24A /* test_recurrent_layer.cpp */; };
		08095DB02DFCC0C3008D6698 /* test_sequential.cpp in Sources */ = {isa = PBXBuildFile; fileRef = 08DDC5BB2DFCBB2700C6E24A /* test_sequential.cpp */; };
		08095DB12DFCC0C3008D6698 /* test_set.cpp in Sources */ = {isa = PBXBuildFile; fileRef = 08DDC5BC2DFCBB2700C6E24A /* test_set.cpp */; };
		08095DB22DFCC0C3008D6698 /* test_map.cpp in Sources */ = {isa = PBXBuildFile; fileRef = 08DDC5B92DFCBB2700C6E24A /* test_map.cpp */; };
		08095DB32DFCC0C3008D6698 /* test_multi_map.cpp in Sources */ = {isa = PBXBuildFile; fileRef = 08DDC5BA2DFCBB2700C6E24A /* test_multi_map.cpp */; };
		08095DB42DFCC0CC008D6698 /* test_gaussian_filler.cpp in Sources */ = {isa = PBXBuildFile; fileRef = 08DDC5C02DFCBB2700C6E24A /* test_gaussian_filler.cpp */; };
		08095DB52DFCC0CC008D6698 /* test_param_initializer.cpp in Sources */ = {isa = PBXBuildFile; fileRef = 08DDC5C12DFCBB2700C6E24A /* test_param_initializer.cpp */; };
		08095DB62DFCC0CC008D6698 /* param_initializer.cpp in Sources */ = {isa = PBXBuildFile; fileRef = 08DDC5BE2DFCBB2700C6E24A /* param_initializer.cpp */; };
		08095DB72DFCC0CC008D6698 /* test_var_scale_filler.cpp in Sources */ = {isa = PBXBuildFile; fileRef = 08DDC5C32DFCBB2700C6E24A /* test_var_scale_filler.cpp */; };
		08095DB82DFCC0CC008D6698 /* test_constant_filler.cpp in Sources */ = {isa = PBXBuildFile; fileRef = 08DDC5BF2DFCBB2700C6E24A /* test_constant_filler.cpp */; };
		08095DB92DFCC0CC008D6698 /* test_uniform_filler.cpp in Sources */ = {isa = PBXBuildFile; fileRef = 08DDC5C22DFCBB2700C6E24A /* test_uniform_filler.cpp */; };
		08095DBC2DFCC10C008D6698 /* test_policy_operations.cpp in Sources */ = {isa = PBXBuildFile; fileRef = 08DDC5C82DFCBB2700C6E24A /* test_policy_operations.cpp */; };
		08095DBD2DFCC12B008D6698 /* main.cpp in Sources */ = {isa = PBXBuildFile; fileRef = 08DDC5CA2DFCBB2700C6E24A /* main.cpp */; };
		08CE81D72EEFAA2000A7AE01 /* test_tensor.cpp in Sources */ = {isa = PBXBuildFile; fileRef = 08DDC37D2DFA90C500C6E24A /* test_tensor.cpp */; };
		08CE81DE2EEFAA6800A7AE01 /* test_compose_kenrel.cpp in Sources */ = {isa = PBXBuildFile; fileRef = 08DDC4FF2DFCBB0600C6E24A /* test_compose_kenrel.cpp */; };
		08CE81DF2EEFAA8700A7AE01 /* test_add_layer.cpp in Sources */ = {isa = PBXBuildFile; fileRef = 08DDC5392DFCBB0600C6E24A /* test_add_layer.cpp */; };
		08CE81E02EEFAAA400A7AE01 /* test_param_source_layer.cpp in Sources */ = {isa = PBXBuildFile; fileRef = 08DDC54C2DFCBB0600C6E24A /* test_param_source_layer.cpp */; };
		08CE81E12EEFAAEB00A7AE01 /* test_cos.cpp in Sources */ = {isa = PBXBuildFile; fileRef = 08DDC3882DFA90C500C6E24A /* test_cos.cpp */; };
		08DDC3AA2DFA90C500C6E24A /* test_tile.cpp in Sources */ = {isa = PBXBuildFile; fileRef = 08DDC3A32DFA90C500C6E24A /* test_tile.cpp */; };
		08DDC3AB2DFA90C500C6E24A /* test_zero_tensor.cpp in Sources */ = {isa = PBXBuildFile; fileRef = 08DDC37F2DFA90C500C6E24A /* test_zero_tensor.cpp */; };
		08DDC3AC2DFA90C500C6E24A /* test_nll_loss.cpp in Sources */ = {isa = PBXBuildFile; fileRef = 08DDC3972DFA90C500C6E24A /* test_nll_loss.cpp */; };
		08DDC3AD2DFA90C500C6E24A /* test_tanh.cpp in Sources */ = {isa = PBXBuildFile; fileRef = 08DDC3942DFA90C500C6E24A /* test_tanh.cpp */; };
		08DDC3AE2DFA90C500C6E24A /* test_square.cpp in Sources */ = {isa = PBXBuildFile; fileRef = 08DDC3912DFA90C500C6E24A /* test_square.cpp */; };
		08DDC3AF2DFA90C500C6E24A /* test_negative.cpp in Sources */ = {isa = PBXBuildFile; fileRef = 08DDC38C2DFA90C500C6E24A /* test_negative.cpp */; };
		08DDC3B02DFA90C500C6E24A /* test_scalable_tensor.cpp in Sources */ = {isa = PBXBuildFile; fileRef = 08DDC37B2DFA90C500C6E24A /* test_scalable_tensor.cpp */; };
		08DDC3B12DFA90C500C6E24A /* test_relu.cpp in Sources */ = {isa = PBXBuildFile; fileRef = 08DDC3982DFA90C500C6E24A /* test_relu.cpp */; };
		08DDC3B22DFA90C500C6E24A /* test_bias_vector.cpp in Sources */ = {isa = PBXBuildFile; fileRef = 08DDC3792DFA90C500C6E24A /* test_bias_vector.cpp */; };
		08DDC3B32DFA90C500C6E24A /* test_dot.cpp in Sources */ = {isa = PBXBuildFile; fileRef = 08DDC39F2DFA90C500C6E24A /* test_dot.cpp */; };
		08DDC3B42DFA90C500C6E24A /* main.cpp in Sources */ = {isa = PBXBuildFile; fileRef = 08DDC3A82DFA90C500C6E24A /* main.cpp */; };
		08DDC3B52DFA90C500C6E24A /* test_tan.cpp in Sources */ = {isa = PBXBuildFile; fileRef = 08DDC3932DFA90C500C6E24A /* test_tan.cpp */; };
		08DDC3B62DFA90C500C6E24A /* test_cos.cpp in Sources */ = {isa = PBXBuildFile; fileRef = 08DDC3882DFA90C500C6E24A /* test_cos.cpp */; };
		08DDC3B72DFA90C500C6E24A /* test_scalar.cpp in Sources */ = {isa = PBXBuildFile; fileRef = 08DDC37C2DFA90C500C6E24A /* test_scalar.cpp */; };
		08DDC3B82DFA90C500C6E24A /* test_asin.cpp in Sources */ = {isa = PBXBuildFile; fileRef = 08DDC3862DFA90C500C6E24A /* test_asin.cpp */; };
		08DDC3B92DFA90C500C6E24A /* test_shape.cpp in Sources */ = {isa = PBXBuildFile; fileRef = 08DDC3762DFA90C500C6E24A /* test_shape.cpp */; };
		08DDC3BA2DFA90C500C6E24A /* test_add.cpp in Sources */ = {isa = PBXBuildFile; fileRef = 08DDC3852DFA90C500C6E24A /* test_add.cpp */; };
		08DDC3BB2DFA90C500C6E24A /* test_acosh.cpp in Sources */ = {isa = PBXBuildFile; fileRef = 08DDC3842DFA90C500C6E24A /* test_acosh.cpp */; };
		08DDC3BC2DFA90C500C6E24A /* test_tensor.cpp in Sources */ = {isa = PBXBuildFile; fileRef = 08DDC37D2DFA90C500C6E24A /* test_tensor.cpp */; };
		08DDC3BD2DFA90C500C6E24A /* test_sigmoid.cpp in Sources */ = {isa = PBXBuildFile; fileRef = 08DDC38E2DFA90C500C6E24A /* test_sigmoid.cpp */; };
		08DDC3BE2DFA90C500C6E24A /* test_abs.cpp in Sources */ = {isa = PBXBuildFile; fileRef = 08DDC3822DFA90C500C6E24A /* test_abs.cpp */; };
		08DDC3BF2DFA90C500C6E24A /* test_divide.cpp in Sources */ = {isa = PBXBuildFile; fileRef = 08DDC3892DFA90C500C6E24A /* test_divide.cpp */; };
		08DDC3C02DFA90C500C6E24A /* test_interpolate.cpp in Sources */ = {isa = PBXBuildFile; fileRef = 08DDC39C2DFA90C500C6E24A /* test_interpolate.cpp */; };
		08DDC3C12DFA90C500C6E24A /* test_acos.cpp in Sources */ = {isa = PBXBuildFile; fileRef = 08DDC3832DFA90C500C6E24A /* test_acos.cpp */; };
		08DDC3C22DFA90C500C6E24A /* test_reshape.cpp in Sources */ = {isa = PBXBuildFile; fileRef = 08DDC3A12DFA90C500C6E24A /* test_reshape.cpp */; };
		08DDC3C32DFA90C500C6E24A /* test_sign.cpp in Sources */ = {isa = PBXBuildFile; fileRef = 08DDC38F2DFA90C500C6E24A /* test_sign.cpp */; };
		08DDC3C42DFA90C500C6E24A /* test_exp.cpp in Sources */ = {isa = PBXBuildFile; fileRef = 08DDC38A2DFA90C500C6E24A /* test_exp.cpp */; };
		08DDC3C52DFA90C500C6E24A /* test_dynamic.cpp in Sources */ = {isa = PBXBuildFile; fileRef = 08DDC37A2DFA90C500C6E24A /* test_dynamic.cpp */; };
		08DDC3C62DFA90C500C6E24A /* test_trivial_tensor.cpp in Sources */ = {isa = PBXBuildFile; fileRef = 08DDC37E2DFA90C500C6E24A /* test_trivial_tensor.cpp */; };
		08DDC3C72DFA90C500C6E24A /* test_multiply.cpp in Sources */ = {isa = PBXBuildFile; fileRef = 08DDC38B2DFA90C500C6E24A /* test_multiply.cpp */; };
		08DDC3C82DFA90C500C6E24A /* test_permute.cpp in Sources */ = {isa = PBXBuildFile; fileRef = 08DDC3A02DFA90C500C6E24A /* test_permute.cpp */; };
		08DDC3C92DFA90C500C6E24A /* test_substract.cpp in Sources */ = {isa = PBXBuildFile; fileRef = 08DDC3922DFA90C500C6E24A /* test_substract.cpp */; };
		08DDC3CA2DFA90C500C6E24A /* test_asinh.cpp in Sources */ = {isa = PBXBuildFile; fileRef = 08DDC3872DFA90C500C6E24A /* test_asinh.cpp */; };
		08DDC3CB2DFA90C500C6E24A /* test_slice.cpp in Sources */ = {isa = PBXBuildFile; fileRef = 08DDC3A22DFA90C500C6E24A /* test_slice.cpp */; };
		08DDC3CC2DFA90C500C6E24A /* test_sin.cpp in Sources */ = {isa = PBXBuildFile; fileRef = 08DDC3902DFA90C500C6E24A /* test_sin.cpp */; };
		08DDC3CD2DFA90C500C6E24A /* test_softmax.cpp in Sources */ = {isa = PBXBuildFile; fileRef = 08DDC3992DFA90C500C6E24A /* test_softmax.cpp */; };
		08DDC3CE2DFA90C500C6E24A /* test_reduce_sum.cpp in Sources */ = {isa = PBXBuildFile; fileRef = 08DDC38D2DFA90C500C6E24A /* test_reduce_sum.cpp */; };
/* End PBXBuildFile section */

/* Begin PBXCopyFilesBuildPhase section */
		08095D772DFCBD0A008D6698 /* CopyFiles */ = {
			isa = PBXCopyFilesBuildPhase;
			buildActionMask = 2147483647;
			dstPath = /usr/share/man/man1/;
			dstSubfolderSpec = 0;
			files = (
			);
			runOnlyForDeploymentPostprocessing = 1;
		};
		08095D822DFCBECB008D6698 /* CopyFiles */ = {
			isa = PBXCopyFilesBuildPhase;
			buildActionMask = 2147483647;
			dstPath = /usr/share/man/man1/;
			dstSubfolderSpec = 0;
			files = (
			);
			runOnlyForDeploymentPostprocessing = 1;
		};
		0870E4A12D698BBC0097085B /* CopyFiles */ = {
			isa = PBXCopyFilesBuildPhase;
			buildActionMask = 2147483647;
			dstPath = /usr/share/man/man1/;
			dstSubfolderSpec = 0;
			files = (
			);
			runOnlyForDeploymentPostprocessing = 1;
		};
/* End PBXCopyFilesBuildPhase section */

/* Begin PBXFileReference section */
		08095D7B2DFCBD0A008D6698 /* LayerTest */ = {isa = PBXFileReference; explicitFileType = "compiled.mach-o.executable"; includeInIndex = 0; path = LayerTest; sourceTree = BUILT_PRODUCTS_DIR; };
		08095D862DFCBECB008D6698 /* OtherTests */ = {isa = PBXFileReference; explicitFileType = "compiled.mach-o.executable"; includeInIndex = 0; path = OtherTests; sourceTree = BUILT_PRODUCTS_DIR; };
		0870E4A32D698BBC0097085B /* DataOpTest */ = {isa = PBXFileReference; explicitFileType = "compiled.mach-o.executable"; includeInIndex = 0; path = DataOpTest; sourceTree = BUILT_PRODUCTS_DIR; };
		0893035E2E14AF07009341A6 /* batch_sequence.h */ = {isa = PBXFileReference; lastKnownFileType = sourcecode.c.h; path = batch_sequence.h; sourceTree = "<group>"; };
		089303602E14AF07009341A6 /* allocators.h */ = {isa = PBXFileReference; lastKnownFileType = sourcecode.c.h; path = allocators.h; sourceTree = "<group>"; };
		089303612E14AF07009341A6 /* category_tags.h */ = {isa = PBXFileReference; lastKnownFileType = sourcecode.c.h; path = category_tags.h; sourceTree = "<group>"; };
		089303622E14AF07009341A6 /* continuous_memory.h */ = {isa = PBXFileReference; lastKnownFileType = sourcecode.c.h; path = continuous_memory.h; sourceTree = "<group>"; };
		089303632E14AF07009341A6 /* device_tags.h */ = {isa = PBXFileReference; lastKnownFileType = sourcecode.c.h; path = device_tags.h; sourceTree = "<group>"; };
		089303642E14AF07009341A6 /* lower_access.h */ = {isa = PBXFileReference; lastKnownFileType = sourcecode.c.h; path = lower_access.h; sourceTree = "<group>"; };
		089303652E14AF07009341A6 /* shape.h */ = {isa = PBXFileReference; lastKnownFileType = sourcecode.c.h; path = shape.h; sourceTree = "<group>"; };
		089303662E14AF07009341A6 /* traits.h */ = {isa = PBXFileReference; lastKnownFileType = sourcecode.c.h; path = traits.h; sourceTree = "<group>"; };
		089303682E14AF07009341A6 /* _.h */ = {isa = PBXFileReference; lastKnownFileType = sourcecode.c.h; path = _.h; sourceTree = "<group>"; };
		089303692E14AF07009341A6 /* bias_vector.h */ = {isa = PBXFileReference; lastKnownFileType = sourcecode.c.h; path = bias_vector.h; sourceTree = "<group>"; };
		0893036A2E14AF07009341A6 /* dynamic.h */ = {isa = PBXFileReference; lastKnownFileType = sourcecode.c.h; path = dynamic.h; sourceTree = "<group>"; };
		0893036B2E14AF07009341A6 /* scalable_tensor.h */ = {isa = PBXFileReference; lastKnownFileType = sourcecode.c.h; path = scalable_tensor.h; sourceTree = "<group>"; };
		0893036C2E14AF07009341A6 /* tensor.h */ = {isa = PBXFileReference; lastKnownFileType = sourcecode.c.h; path = tensor.h; sourceTree = "<group>"; };
		0893036D2E14AF07009341A6 /* trivial_tensor.h */ = {isa = PBXFileReference; lastKnownFileType = sourcecode.c.h; path = trivial_tensor.h; sourceTree = "<group>"; };
		0893036E2E14AF07009341A6 /* zero_tensor.h */ = {isa = PBXFileReference; lastKnownFileType = sourcecode.c.h; path = zero_tensor.h; sourceTree = "<group>"; };
		089303702E14AF07009341A6 /* data_copy.h */ = {isa = PBXFileReference; lastKnownFileType = sourcecode.c.h; path = data_copy.h; sourceTree = "<group>"; };
		089303722E14AF07009341A6 /* eval_buffer.h */ = {isa = PBXFileReference; lastKnownFileType = sourcecode.c.h; path = eval_buffer.h; sourceTree = "<group>"; };
		089303732E14AF07009341A6 /* eval_dispatcher.h */ = {isa = PBXFileReference; lastKnownFileType = sourcecode.c.h; path = eval_dispatcher.h; sourceTree = "<group>"; };
		089303742E14AF07009341A6 /* eval_group.h */ = {isa = PBXFileReference; lastKnownFileType = sourcecode.c.h; path = eval_group.h; sourceTree = "<group>"; };
		089303752E14AF07009341A6 /* eval_handle.h */ = {isa = PBXFileReference; lastKnownFileType = sourcecode.c.h; path = eval_handle.h; sourceTree = "<group>"; };
		089303762E14AF07009341A6 /* eval_item.h */ = {isa = PBXFileReference; lastKnownFileType = sourcecode.c.h; path = eval_item.h; sourceTree = "<group>"; };
		089303772E14AF07009341A6 /* eval_plan.h */ = {isa = PBXFileReference; lastKnownFileType = sourcecode.c.h; path = eval_plan.h; sourceTree = "<group>"; };
		089303792E14AF07009341A6 /* _.h */ = {isa = PBXFileReference; lastKnownFileType = sourcecode.c.h; path = _.h; sourceTree = "<group>"; };
		0893037A2E14AF07009341A6 /* helpers.h */ = {isa = PBXFileReference; lastKnownFileType = sourcecode.c.h; path = helpers.h; sourceTree = "<group>"; };
		0893037B2E14AF07009341A6 /* map.h */ = {isa = PBXFileReference; lastKnownFileType = sourcecode.c.h; path = map.h; sourceTree = "<group>"; };
		0893037C2E14AF07009341A6 /* multi_map.h */ = {isa = PBXFileReference; lastKnownFileType = sourcecode.c.h; path = multi_map.h; sourceTree = "<group>"; };
		0893037D2E14AF07009341A6 /* sequential.h */ = {isa = PBXFileReference; lastKnownFileType = sourcecode.c.h; path = sequential.h; sourceTree = "<group>"; };
		0893037E2E14AF07009341A6 /* set.h */ = {isa = PBXFileReference; lastKnownFileType = sourcecode.c.h; path = set.h; sourceTree = "<group>"; };
		0893037F2E14AF07009341A6 /* value_sequential.h */ = {isa = PBXFileReference; lastKnownFileType = sourcecode.c.h; path = value_sequential.h; sourceTree = "<group>"; };
		089303812E14AF07009341A6 /* _.h */ = {isa = PBXFileReference; lastKnownFileType = sourcecode.c.h; path = _.h; sourceTree = "<group>"; };
		089303822E14AF07009341A6 /* null_param.h */ = {isa = PBXFileReference; lastKnownFileType = sourcecode.c.h; path = null_param.h; sourceTree = "<group>"; };
		089303832E14AF07009341A6 /* traits.h */ = {isa = PBXFileReference; lastKnownFileType = sourcecode.c.h; path = traits.h; sourceTree = "<group>"; };
		089303842E14AF07009341A6 /* type_id.h */ = {isa = PBXFileReference; lastKnownFileType = sourcecode.c.h; path = type_id.h; sourceTree = "<group>"; };
		089303852E14AF07009341A6 /* var_type_dict.h */ = {isa = PBXFileReference; lastKnownFileType = sourcecode.c.h; path = var_type_dict.h; sourceTree = "<group>"; };
		089303872E14AF07009341A6 /* _.h */ = {isa = PBXFileReference; lastKnownFileType = sourcecode.c.h; path = _.h; sourceTree = "<group>"; };
		089303882E14AF07009341A6 /* bias_layer.h */ = {isa = PBXFileReference; lastKnownFileType = sourcecode.c.h; path = bias_layer.h; sourceTree = "<group>"; };
		089303892E14AF07009341A6 /* compose_kernel.h */ = {isa = PBXFileReference; lastKnownFileType = sourcecode.c.h; path = compose_kernel.h; sourceTree = "<group>"; };
		0893038A2E14AF07009341A6 /* linear_layer.h */ = {isa = PBXFileReference; lastKnownFileType = sourcecode.c.h; path = linear_layer.h; sourceTree = "<group>"; };
		0893038B2E14AF07009341A6 /* single_layer_perceptron.h */ = {isa = PBXFileReference; lastKnownFileType = sourcecode.c.h; path = single_layer_perceptron.h; sourceTree = "<group>"; };
		0893038C2E14AF07009341A6 /* weight_layer.h */ = {isa = PBXFileReference; lastKnownFileType = sourcecode.c.h; path = weight_layer.h; sourceTree = "<group>"; };
		0893038E2E14AF07009341A6 /* _.h */ = {isa = PBXFileReference; lastKnownFileType = sourcecode.c.h; path = _.h; sourceTree = "<group>"; };
		0893038F2E14AF07009341A6 /* interface_fun.h */ = {isa = PBXFileReference; lastKnownFileType = sourcecode.c.h; path = interface_fun.h; sourceTree = "<group>"; };
		089303902E14AF07009341A6 /* layer_in_map.h */ = {isa = PBXFileReference; lastKnownFileType = sourcecode.c.h; path = layer_in_map.h; sourceTree = "<group>"; };
		089303912E14AF07009341A6 /* make_layer.h */ = {isa = PBXFileReference; lastKnownFileType = sourcecode.c.h; path = make_layer.h; sourceTree = "<group>"; };
		089303922E14AF07009341A6 /* policies.h */ = {isa = PBXFileReference; lastKnownFileType = sourcecode.c.h; path = policies.h; sourceTree = "<group>"; };
		089303932E14AF07009341A6 /* traits.h */ = {isa = PBXFileReference; lastKnownFileType = sourcecode.c.h; path = traits.h; sourceTree = "<group>"; };
		089303952E14AF07009341A6 /* _.h */ = {isa = PBXFileReference; lastKnownFileType = sourcecode.c.h; path = _.h; sourceTree = "<group>"; };
		089303972E14AF07009341A6 /* _.h */ = {isa = PBXFileReference; lastKnownFileType = sourcecode.c.h; path = _.h; sourceTree = "<group>"; };
		089303982E14AF07009341A6 /* abs_layer.h */ = {isa = PBXFileReference; lastKnownFileType = sourcecode.c.h; path = abs_layer.h; sourceTree = "<group>"; };
		089303992E14AF07009341A6 /* acos_layer.h */ = {isa = PBXFileReference; lastKnownFileType = sourcecode.c.h; path = acos_layer.h; sourceTree = "<group>"; };
		0893039A2E14AF07009341A6 /* acosh_layer.h */ = {isa = PBXFileReference; lastKnownFileType = sourcecode.c.h; path = acosh_layer.h; sourceTree = "<group>"; };
		0893039B2E14AF07009341A6 /* add_layer.h */ = {isa = PBXFileReference; lastKnownFileType = sourcecode.c.h; path = add_layer.h; sourceTree = "<group>"; };
		0893039C2E14AF07009341A6 /* asin_layer.h */ = {isa = PBXFileReference; lastKnownFileType = sourcecode.c.h; path = asin_layer.h; sourceTree = "<group>"; };
		0893039D2E14AF07009341A6 /* asinh_layer.h */ = {isa = PBXFileReference; lastKnownFileType = sourcecode.c.h; path = asinh_layer.h; sourceTree = "<group>"; };
		0893039E2E14AF07009341A6 /* cos_layer.h */ = {isa = PBXFileReference; lastKnownFileType = sourcecode.c.h; path = cos_layer.h; sourceTree = "<group>"; };
		0893039F2E14AF07009341A6 /* multiply_layer.h */ = {isa = PBXFileReference; lastKnownFileType = sourcecode.c.h; path = multiply_layer.h; sourceTree = "<group>"; };
		089303A02E14AF07009341A6 /* sigmoid_layer.h */ = {isa = PBXFileReference; lastKnownFileType = sourcecode.c.h; path = sigmoid_layer.h; sourceTree = "<group>"; };
		089303A12E14AF07009341A6 /* sin_layer.h */ = {isa = PBXFileReference; lastKnownFileType = sourcecode.c.h; path = sin_layer.h; sourceTree = "<group>"; };
		089303A22E14AF07009341A6 /* square_layer.h */ = {isa = PBXFileReference; lastKnownFileType = sourcecode.c.h; path = square_layer.h; sourceTree = "<group>"; };
		089303A32E14AF07009341A6 /* substract_layer.h */ = {isa = PBXFileReference; lastKnownFileType = sourcecode.c.h; path = substract_layer.h; sourceTree = "<group>"; };
		089303A42E14AF07009341A6 /* tan_layer.h */ = {isa = PBXFileReference; lastKnownFileType = sourcecode.c.h; path = tan_layer.h; sourceTree = "<group>"; };
		089303A52E14AF07009341A6 /* tanh_layer.h */ = {isa = PBXFileReference; lastKnownFileType = sourcecode.c.h; path = tanh_layer.h; sourceTree = "<group>"; };
		089303A72E14AF07009341A6 /* _.h */ = {isa = PBXFileReference; lastKnownFileType = sourcecode.c.h; path = _.h; sourceTree = "<group>"; };
		089303A82E14AF07009341A6 /* nll_loss_layer.h */ = {isa = PBXFileReference; lastKnownFileType = sourcecode.c.h; path = nll_loss_layer.h; sourceTree = "<group>"; };
		089303A92E14AF07009341A6 /* relu_layer.h */ = {isa = PBXFileReference; lastKnownFileType = sourcecode.c.h; path = relu_layer.h; sourceTree = "<group>"; };
		089303AA2E14AF07009341A6 /* softmax_layer.h */ = {isa = PBXFileReference; lastKnownFileType = sourcecode.c.h; path = softmax_layer.h; sourceTree = "<group>"; };
		089303AC2E14AF07009341A6 /* _.h */ = {isa = PBXFileReference; lastKnownFileType = sourcecode.c.h; path = _.h; sourceTree = "<group>"; };
		089303AD2E14AF07009341A6 /* interpolate_layer.h */ = {isa = PBXFileReference; lastKnownFileType = sourcecode.c.h; path = interpolate_layer.h; sourceTree = "<group>"; };
		089303AE2E14AF07009341A6 /* param_source_layer.h */ = {isa = PBXFileReference; lastKnownFileType = sourcecode.c.h; path = param_source_layer.h; sourceTree = "<group>"; };
		089303AF2E14AF07009341A6 /* value_source_layer.h */ = {isa = PBXFileReference; lastKnownFileType = sourcecode.c.h; path = value_source_layer.h; sourceTree = "<group>"; };
		089303B12E14AF07009341A6 /* _.h */ = {isa = PBXFileReference; lastKnownFileType = sourcecode.c.h; path = _.h; sourceTree = "<group>"; };
		089303B22E14AF07009341A6 /* dot_layer.h */ = {isa = PBXFileReference; lastKnownFileType = sourcecode.c.h; path = dot_layer.h; sourceTree = "<group>"; };
		089303B32E14AF07009341A6 /* permute_layer.h */ = {isa = PBXFileReference; lastKnownFileType = sourcecode.c.h; path = permute_layer.h; sourceTree = "<group>"; };
		089303B52E14AF07009341A6 /* _.h */ = {isa = PBXFileReference; lastKnownFileType = sourcecode.c.h; path = _.h; sourceTree = "<group>"; };
		089303B72E14AF07009341A6 /* _.h */ = {isa = PBXFileReference; lastKnownFileType = sourcecode.c.h; path = _.h; sourceTree = "<group>"; };
		089303B82E14AF07009341A6 /* gru_step.h */ = {isa = PBXFileReference; lastKnownFileType = sourcecode.c.h; path = gru_step.h; sourceTree = "<group>"; };
		089303B92E14AF07009341A6 /* recurrent_layer.h */ = {isa = PBXFileReference; lastKnownFileType = sourcecode.c.h; path = recurrent_layer.h; sourceTree = "<group>"; };
		089303BB2E14AF07009341A6 /* _.h */ = {isa = PBXFileReference; lastKnownFileType = sourcecode.c.h; path = _.h; sourceTree = "<group>"; };
		089303BD2E14AF07009341A6 /* weight_buffer.h */ = {isa = PBXFileReference; lastKnownFileType = sourcecode.c.h; path = weight_buffer.h; sourceTree = "<group>"; };
		089303BF2E14AF07009341A6 /* fill_with_spec_dist.h */ = {isa = PBXFileReference; lastKnownFileType = sourcecode.c.h; path = fill_with_spec_dist.h; sourceTree = "<group>"; };
		089303C02E14AF07009341A6 /* policies.h */ = {isa = PBXFileReference; lastKnownFileType = sourcecode.c.h; path = policies.h; sourceTree = "<group>"; };
		089303C22E14AF07009341A6 /* _.h */ = {isa = PBXFileReference; lastKnownFileType = sourcecode.c.h; path = _.h; sourceTree = "<group>"; };
		089303C32E14AF07009341A6 /* constant_filler.h */ = {isa = PBXFileReference; lastKnownFileType = sourcecode.c.h; path = constant_filler.h; sourceTree = "<group>"; };
		089303C42E14AF07009341A6 /* gaussian_filler.h */ = {isa = PBXFileReference; lastKnownFileType = sourcecode.c.h; path = gaussian_filler.h; sourceTree = "<group>"; };
		089303C52E14AF07009341A6 /* param_initializer.h */ = {isa = PBXFileReference; lastKnownFileType = sourcecode.c.h; path = param_initializer.h; sourceTree = "<group>"; };
		089303C62E14AF07009341A6 /* uniform_filler.h */ = {isa = PBXFileReference; lastKnownFileType = sourcecode.c.h; path = uniform_filler.h; sourceTree = "<group>"; };
		089303C72E14AF07009341A6 /* var_scale_filler.h */ = {isa = PBXFileReference; lastKnownFileType = sourcecode.c.h; path = var_scale_filler.h; sourceTree = "<group>"; };
		089303C92E14AF07009341A6 /* _.h */ = {isa = PBXFileReference; lastKnownFileType = sourcecode.c.h; path = _.h; sourceTree = "<group>"; };
		089303CA2E14AF07009341A6 /* grad_collector.h */ = {isa = PBXFileReference; lastKnownFileType = sourcecode.c.h; path = grad_collector.h; sourceTree = "<group>"; };
		089303CB2E14AF07009341A6 /* load_buffer.h */ = {isa = PBXFileReference; lastKnownFileType = sourcecode.c.h; path = load_buffer.h; sourceTree = "<group>"; };
		089303CD2E14AF07009341A6 /* _.h */ = {isa = PBXFileReference; lastKnownFileType = sourcecode.c.h; path = _.h; sourceTree = "<group>"; };
		089303CF2E14AF07009341A6 /* _.h */ = {isa = PBXFileReference; lastKnownFileType = sourcecode.c.h; path = _.h; sourceTree = "<group>"; };
		089303D02E14AF07009341A6 /* instance_id.h */ = {isa = PBXFileReference; lastKnownFileType = sourcecode.c.h; path = instance_id.h; sourceTree = "<group>"; };
		089303D12E14AF07009341A6 /* operation_frame.h */ = {isa = PBXFileReference; lastKnownFileType = sourcecode.c.h; path = operation_frame.h; sourceTree = "<group>"; };
		089303D22E14AF07009341A6 /* organizer.h */ = {isa = PBXFileReference; lastKnownFileType = sourcecode.c.h; path = organizer.h; sourceTree = "<group>"; };
		089303D32E14AF07009341A6 /* policies.h */ = {isa = PBXFileReference; lastKnownFileType = sourcecode.c.h; path = policies.h; sourceTree = "<group>"; };
		089303D42E14AF07009341A6 /* tags.h */ = {isa = PBXFileReference; lastKnownFileType = sourcecode.c.h; path = tags.h; sourceTree = "<group>"; };
		089303D52E14AF07009341A6 /* tail_calculator.h */ = {isa = PBXFileReference; lastKnownFileType = sourcecode.c.h; path = tail_calculator.h; sourceTree = "<group>"; };
		089303D72E14AF07009341A6 /* _.h */ = {isa = PBXFileReference; lastKnownFileType = sourcecode.c.h; path = _.h; sourceTree = "<group>"; };
		089303D82E14AF07009341A6 /* abs.h */ = {isa = PBXFileReference; lastKnownFileType = sourcecode.c.h; path = abs.h; sourceTree = "<group>"; };
		089303D92E14AF07009341A6 /* acos.h */ = {isa = PBXFileReference; lastKnownFileType = sourcecode.c.h; path = acos.h; sourceTree = "<group>"; };
		089303DA2E14AF07009341A6 /* acosh.h */ = {isa = PBXFileReference; lastKnownFileType = sourcecode.c.h; path = acosh.h; sourceTree = "<group>"; };
		089303DB2E14AF07009341A6 /* add.h */ = {isa = PBXFileReference; lastKnownFileType = sourcecode.c.h; path = add.h; sourceTree = "<group>"; };
		089303DC2E14AF07009341A6 /* asin.h */ = {isa = PBXFileReference; lastKnownFileType = sourcecode.c.h; path = asin.h; sourceTree = "<group>"; };
		089303DD2E14AF07009341A6 /* asinh.h */ = {isa = PBXFileReference; lastKnownFileType = sourcecode.c.h; path = asinh.h; sourceTree = "<group>"; };
		089303DE2E14AF07009341A6 /* cos.h */ = {isa = PBXFileReference; lastKnownFileType = sourcecode.c.h; path = cos.h; sourceTree = "<group>"; };
		089303DF2E14AF07009341A6 /* divide.h */ = {isa = PBXFileReference; lastKnownFileType = sourcecode.c.h; path = divide.h; sourceTree = "<group>"; };
		089303E02E14AF07009341A6 /* exp.h */ = {isa = PBXFileReference; lastKnownFileType = sourcecode.c.h; path = exp.h; sourceTree = "<group>"; };
		089303E12E14AF07009341A6 /* multiply.h */ = {isa = PBXFileReference; lastKnownFileType = sourcecode.c.h; path = multiply.h; sourceTree = "<group>"; };
		089303E22E14AF07009341A6 /* negative.h */ = {isa = PBXFileReference; lastKnownFileType = sourcecode.c.h; path = negative.h; sourceTree = "<group>"; };
		089303E32E14AF07009341A6 /* reduce_sum.h */ = {isa = PBXFileReference; lastKnownFileType = sourcecode.c.h; path = reduce_sum.h; sourceTree = "<group>"; };
		089303E42E14AF07009341A6 /* sigmoid.h */ = {isa = PBXFileReference; lastKnownFileType = sourcecode.c.h; path = sigmoid.h; sourceTree = "<group>"; };
		089303E52E14AF07009341A6 /* sign.h */ = {isa = PBXFileReference; lastKnownFileType = sourcecode.c.h; path = sign.h; sourceTree = "<group>"; };
		089303E62E14AF07009341A6 /* sin.h */ = {isa = PBXFileReference; lastKnownFileType = sourcecode.c.h; path = sin.h; sourceTree = "<group>"; };
		089303E72E14AF07009341A6 /* square.h */ = {isa = PBXFileReference; lastKnownFileType = sourcecode.c.h; path = square.h; sourceTree = "<group>"; };
		089303E82E14AF07009341A6 /* substract.h */ = {isa = PBXFileReference; lastKnownFileType = sourcecode.c.h; path = substract.h; sourceTree = "<group>"; };
		089303E92E14AF07009341A6 /* tan.h */ = {isa = PBXFileReference; lastKnownFileType = sourcecode.c.h; path = tan.h; sourceTree = "<group>"; };
		089303EA2E14AF07009341A6 /* tanh.h */ = {isa = PBXFileReference; lastKnownFileType = sourcecode.c.h; path = tanh.h; sourceTree = "<group>"; };
		089303EC2E14AF07009341A6 /* organizer.h */ = {isa = PBXFileReference; lastKnownFileType = sourcecode.c.h; path = organizer.h; sourceTree = "<group>"; };
		089303EE2E14AF07009341A6 /* _.h */ = {isa = PBXFileReference; lastKnownFileType = sourcecode.c.h; path = _.h; sourceTree = "<group>"; };
		089303EF2E14AF07009341A6 /* nll_loss.h */ = {isa = PBXFileReference; lastKnownFileType = sourcecode.c.h; path = nll_loss.h; sourceTree = "<group>"; };
		089303F02E14AF07009341A6 /* relu.h */ = {isa = PBXFileReference; lastKnownFileType = sourcecode.c.h; path = relu.h; sourceTree = "<group>"; };
		089303F12E14AF07009341A6 /* softmax.h */ = {isa = PBXFileReference; lastKnownFileType = sourcecode.c.h; path = softmax.h; sourceTree = "<group>"; };
		089303F32E14AF07009341A6 /* _.h */ = {isa = PBXFileReference; lastKnownFileType = sourcecode.c.h; path = _.h; sourceTree = "<group>"; };
		089303F42E14AF07009341A6 /* interpolate.h */ = {isa = PBXFileReference; lastKnownFileType = sourcecode.c.h; path = interpolate.h; sourceTree = "<group>"; };
		089303F62E14AF07009341A6 /* _.h */ = {isa = PBXFileReference; lastKnownFileType = sourcecode.c.h; path = _.h; sourceTree = "<group>"; };
		089303F72E14AF07009341A6 /* dot.h */ = {isa = PBXFileReference; lastKnownFileType = sourcecode.c.h; path = dot.h; sourceTree = "<group>"; };
		089303F82E14AF07009341A6 /* permute.h */ = {isa = PBXFileReference; lastKnownFileType = sourcecode.c.h; path = permute.h; sourceTree = "<group>"; };
		089303F92E14AF07009341A6 /* reshape.h */ = {isa = PBXFileReference; lastKnownFileType = sourcecode.c.h; path = reshape.h; sourceTree = "<group>"; };
		089303FA2E14AF07009341A6 /* slice.h */ = {isa = PBXFileReference; lastKnownFileType = sourcecode.c.h; path = slice.h; sourceTree = "<group>"; };
		089303FB2E14AF07009341A6 /* tile.h */ = {isa = PBXFileReference; lastKnownFileType = sourcecode.c.h; path = tile.h; sourceTree = "<group>"; };
		089303FD2E14AF07009341A6 /* _.h */ = {isa = PBXFileReference; lastKnownFileType = sourcecode.c.h; path = _.h; sourceTree = "<group>"; };
		089303FE2E14AF07009341A6 /* conv.h */ = {isa = PBXFileReference; lastKnownFileType = sourcecode.c.h; path = conv.h; sourceTree = "<group>"; };
		089304002E14AF07009341A6 /* _.h */ = {isa = PBXFileReference; lastKnownFileType = sourcecode.c.h; path = _.h; sourceTree = "<group>"; };
		089304012E14AF07009341A6 /* policy_container.h */ = {isa = PBXFileReference; lastKnownFileType = sourcecode.c.h; path = policy_container.h; sourceTree = "<group>"; };
		089304022E14AF07009341A6 /* policy_macro_begin.h */ = {isa = PBXFileReference; lastKnownFileType = sourcecode.c.h; path = policy_macro_begin.h; sourceTree = "<group>"; };
		089304032E14AF07009341A6 /* policy_macro_end.h */ = {isa = PBXFileReference; lastKnownFileType = sourcecode.c.h; path = policy_macro_end.h; sourceTree = "<group>"; };
		089304042E14AF07009341A6 /* policy_operations.h */ = {isa = PBXFileReference; lastKnownFileType = sourcecode.c.h; path = policy_operations.h; sourceTree = "<group>"; };
		089304062E14AF07009341A6 /* meta_nn.h */ = {isa = PBXFileReference; lastKnownFileType = sourcecode.c.h; path = meta_nn.h; sourceTree = "<group>"; };
		089304072E14AF07009341A6 /* MetaNN.project */ = {isa = PBXFileReference; lastKnownFileType = text.xml; path = MetaNN.project; sourceTree = "<group>"; };
		08CE82AD2EEFB0F800A7AE01 /* MetalSwift.xcodeproj */ = {isa = PBXFileReference; lastKnownFileType = "wrapper.pb-project"; name = MetalSwift.xcodeproj; path = MetalSwift/MetalSwift.xcodeproj; sourceTree = "<group>"; };
		08DDC3752DFA90C500C6E24A /* _.h */ = {isa = PBXFileReference; lastKnownFileType = sourcecode.c.h; path = _.h; sourceTree = "<group>"; };
		08DDC3762DFA90C500C6E24A /* test_shape.cpp */ = {isa = PBXFileReference; lastKnownFileType = sourcecode.cpp.cpp; path = test_shape.cpp; sourceTree = "<group>"; };
		08DDC3782DFA90C500C6E24A /* _.h */ = {isa = PBXFileReference; lastKnownFileType = sourcecode.c.h; path = _.h; sourceTree = "<group>"; };
		08DDC3792DFA90C500C6E24A /* test_bias_vector.cpp */ = {isa = PBXFileReference; lastKnownFileType = sourcecode.cpp.cpp; path = test_bias_vector.cpp; sourceTree = "<group>"; };
		08DDC37A2DFA90C500C6E24A /* test_dynamic.cpp */ = {isa = PBXFileReference; lastKnownFileType = sourcecode.cpp.cpp; path = test_dynamic.cpp; sourceTree = "<group>"; };
		08DDC37B2DFA90C500C6E24A /* test_scalable_tensor.cpp */ = {isa = PBXFileReference; lastKnownFileType = sourcecode.cpp.cpp; path = test_scalable_tensor.cpp; sourceTree = "<group>"; };
		08DDC37C2DFA90C500C6E24A /* test_scalar.cpp */ = {isa = PBXFileReference; lastKnownFileType = sourcecode.cpp.cpp; path = test_scalar.cpp; sourceTree = "<group>"; };
		08DDC37D2DFA90C500C6E24A /* test_tensor.cpp */ = {isa = PBXFileReference; lastKnownFileType = sourcecode.cpp.cpp; path = test_tensor.cpp; sourceTree = "<group>"; };
		08DDC37E2DFA90C500C6E24A /* test_trivial_tensor.cpp */ = {isa = PBXFileReference; lastKnownFileType = sourcecode.cpp.cpp; path = test_trivial_tensor.cpp; sourceTree = "<group>"; };
		08DDC37F2DFA90C500C6E24A /* test_zero_tensor.cpp */ = {isa = PBXFileReference; lastKnownFileType = sourcecode.cpp.cpp; path = test_zero_tensor.cpp; sourceTree = "<group>"; };
		08DDC3812DFA90C500C6E24A /* _.h */ = {isa = PBXFileReference; lastKnownFileType = sourcecode.c.h; path = _.h; sourceTree = "<group>"; };
		08DDC3822DFA90C500C6E24A /* test_abs.cpp */ = {isa = PBXFileReference; lastKnownFileType = sourcecode.cpp.cpp; path = test_abs.cpp; sourceTree = "<group>"; };
		08DDC3832DFA90C500C6E24A /* test_acos.cpp */ = {isa = PBXFileReference; lastKnownFileType = sourcecode.cpp.cpp; path = test_acos.cpp; sourceTree = "<group>"; };
		08DDC3842DFA90C500C6E24A /* test_acosh.cpp */ = {isa = PBXFileReference; lastKnownFileType = sourcecode.cpp.cpp; path = test_acosh.cpp; sourceTree = "<group>"; };
		08DDC3852DFA90C500C6E24A /* test_add.cpp */ = {isa = PBXFileReference; lastKnownFileType = sourcecode.cpp.cpp; path = test_add.cpp; sourceTree = "<group>"; };
		08DDC3862DFA90C500C6E24A /* test_asin.cpp */ = {isa = PBXFileReference; lastKnownFileType = sourcecode.cpp.cpp; path = test_asin.cpp; sourceTree = "<group>"; };
		08DDC3872DFA90C500C6E24A /* test_asinh.cpp */ = {isa = PBXFileReference; lastKnownFileType = sourcecode.cpp.cpp; path = test_asinh.cpp; sourceTree = "<group>"; };
		08DDC3882DFA90C500C6E24A /* test_cos.cpp */ = {isa = PBXFileReference; lastKnownFileType = sourcecode.cpp.cpp; path = test_cos.cpp; sourceTree = "<group>"; };
		08DDC3892DFA90C500C6E24A /* test_divide.cpp */ = {isa = PBXFileReference; lastKnownFileType = sourcecode.cpp.cpp; path = test_divide.cpp; sourceTree = "<group>"; };
		08DDC38A2DFA90C500C6E24A /* test_exp.cpp */ = {isa = PBXFileReference; lastKnownFileType = sourcecode.cpp.cpp; path = test_exp.cpp; sourceTree = "<group>"; };
		08DDC38B2DFA90C500C6E24A /* test_multiply.cpp */ = {isa = PBXFileReference; lastKnownFileType = sourcecode.cpp.cpp; path = test_multiply.cpp; sourceTree = "<group>"; };
		08DDC38C2DFA90C500C6E24A /* test_negative.cpp */ = {isa = PBXFileReference; lastKnownFileType = sourcecode.cpp.cpp; path = test_negative.cpp; sourceTree = "<group>"; };
		08DDC38D2DFA90C500C6E24A /* test_reduce_sum.cpp */ = {isa = PBXFileReference; lastKnownFileType = sourcecode.cpp.cpp; path = test_reduce_sum.cpp; sourceTree = "<group>"; };
		08DDC38E2DFA90C500C6E24A /* test_sigmoid.cpp */ = {isa = PBXFileReference; lastKnownFileType = sourcecode.cpp.cpp; path = test_sigmoid.cpp; sourceTree = "<group>"; };
		08DDC38F2DFA90C500C6E24A /* test_sign.cpp */ = {isa = PBXFileReference; lastKnownFileType = sourcecode.cpp.cpp; path = test_sign.cpp; sourceTree = "<group>"; };
		08DDC3902DFA90C500C6E24A /* test_sin.cpp */ = {isa = PBXFileReference; lastKnownFileType = sourcecode.cpp.cpp; path = test_sin.cpp; sourceTree = "<group>"; };
		08DDC3912DFA90C500C6E24A /* test_square.cpp */ = {isa = PBXFileReference; lastKnownFileType = sourcecode.cpp.cpp; path = test_square.cpp; sourceTree = "<group>"; };
		08DDC3922DFA90C500C6E24A /* test_substract.cpp */ = {isa = PBXFileReference; lastKnownFileType = sourcecode.cpp.cpp; path = test_substract.cpp; sourceTree = "<group>"; };
		08DDC3932DFA90C500C6E24A /* test_tan.cpp */ = {isa = PBXFileReference; lastKnownFileType = sourcecode.cpp.cpp; path = test_tan.cpp; sourceTree = "<group>"; };
		08DDC3942DFA90C500C6E24A /* test_tanh.cpp */ = {isa = PBXFileReference; lastKnownFileType = sourcecode.cpp.cpp; path = test_tanh.cpp; sourceTree = "<group>"; };
		08DDC3962DFA90C500C6E24A /* _.h */ = {isa = PBXFileReference; lastKnownFileType = sourcecode.c.h; path = _.h; sourceTree = "<group>"; };
		08DDC3972DFA90C500C6E24A /* test_nll_loss.cpp */ = {isa = PBXFileReference; lastKnownFileType = sourcecode.cpp.cpp; path = test_nll_loss.cpp; sourceTree = "<group>"; };
		08DDC3982DFA90C500C6E24A /* test_relu.cpp */ = {isa = PBXFileReference; lastKnownFileType = sourcecode.cpp.cpp; path = test_relu.cpp; sourceTree = "<group>"; };
		08DDC3992DFA90C500C6E24A /* test_softmax.cpp */ = {isa = PBXFileReference; lastKnownFileType = sourcecode.cpp.cpp; path = test_softmax.cpp; sourceTree = "<group>"; };
		08DDC39B2DFA90C500C6E24A /* _.h */ = {isa = PBXFileReference; lastKnownFileType = sourcecode.c.h; path = _.h; sourceTree = "<group>"; };
		08DDC39C2DFA90C500C6E24A /* test_interpolate.cpp */ = {isa = PBXFileReference; lastKnownFileType = sourcecode.cpp.cpp; path = test_interpolate.cpp; sourceTree = "<group>"; };
		08DDC39E2DFA90C500C6E24A /* _.h */ = {isa = PBXFileReference; lastKnownFileType = sourcecode.c.h; path = _.h; sourceTree = "<group>"; };
		08DDC39F2DFA90C500C6E24A /* test_dot.cpp */ = {isa = PBXFileReference; lastKnownFileType = sourcecode.cpp.cpp; path = test_dot.cpp; sourceTree = "<group>"; };
		08DDC3A02DFA90C500C6E24A /* test_permute.cpp */ = {isa = PBXFileReference; lastKnownFileType = sourcecode.cpp.cpp; path = test_permute.cpp; sourceTree = "<group>"; };
		08DDC3A12DFA90C500C6E24A /* test_reshape.cpp */ = {isa = PBXFileReference; lastKnownFileType = sourcecode.cpp.cpp; path = test_reshape.cpp; sourceTree = "<group>"; };
		08DDC3A22DFA90C500C6E24A /* test_slice.cpp */ = {isa = PBXFileReference; lastKnownFileType = sourcecode.cpp.cpp; path = test_slice.cpp; sourceTree = "<group>"; };
		08DDC3A32DFA90C500C6E24A /* test_tile.cpp */ = {isa = PBXFileReference; lastKnownFileType = sourcecode.cpp.cpp; path = test_tile.cpp; sourceTree = "<group>"; };
		08DDC3A52DFA90C500C6E24A /* _.h */ = {isa = PBXFileReference; lastKnownFileType = sourcecode.c.h; path = _.h; sourceTree = "<group>"; };
		08DDC3A72DFA90C500C6E24A /* DataOpTest.project */ = {isa = PBXFileReference; lastKnownFileType = text.xml; path = DataOpTest.project; sourceTree = "<group>"; };
		08DDC3A82DFA90C500C6E24A /* main.cpp */ = {isa = PBXFileReference; lastKnownFileType = sourcecode.cpp.cpp; path = main.cpp; sourceTree = "<group>"; };
		08DDC3CF2DFA914400C6E24A /* calculate_tags.h */ = {isa = PBXFileReference; lastKnownFileType = sourcecode.c.h; name = calculate_tags.h; path = Tests/calculate_tags.h; sourceTree = SOURCE_ROOT; };
		08DDC3D02DFA914400C6E24A /* data_gen.h */ = {isa = PBXFileReference; lastKnownFileType = sourcecode.c.h; name = data_gen.h; path = Tests/data_gen.h; sourceTree = SOURCE_ROOT; };
		08DDC4FD2DFCBB0600C6E24A /* _.h */ = {isa = PBXFileReference; lastKnownFileType = sourcecode.c.h; path = _.h; sourceTree = "<group>"; };
		08DDC4FE2DFCBB0600C6E24A /* test_bias_layer.cpp */ = {isa = PBXFileReference; lastKnownFileType = sourcecode.cpp.cpp; path = test_bias_layer.cpp; sourceTree = "<group>"; };
		08DDC4FF2DFCBB0600C6E24A /* test_compose_kenrel.cpp */ = {isa = PBXFileReference; lastKnownFileType = sourcecode.cpp.cpp; path = test_compose_kenrel.cpp; sourceTree = "<group>"; };
		08DDC5002DFCBB0600C6E24A /* test_linear_layer.cpp */ = {isa = PBXFileReference; lastKnownFileType = sourcecode.cpp.cpp; path = test_linear_layer.cpp; sourceTree = "<group>"; };
		08DDC5012DFCBB0600C6E24A /* test_single_layer_perceptron.cpp */ = {isa = PBXFileReference; lastKnownFileType = sourcecode.cpp.cpp; path = test_single_layer_perceptron.cpp; sourceTree = "<group>"; };
		08DDC5022DFCBB0600C6E24A /* test_weight_layer.cpp */ = {isa = PBXFileReference; lastKnownFileType = sourcecode.cpp.cpp; path = test_weight_layer.cpp; sourceTree = "<group>"; };
		08DDC5352DFCBB0600C6E24A /* _.h */ = {isa = PBXFileReference; lastKnownFileType = sourcecode.c.h; path = _.h; sourceTree = "<group>"; };
		08DDC5362DFCBB0600C6E24A /* test_abs_layer.cpp */ = {isa = PBXFileReference; lastKnownFileType = sourcecode.cpp.cpp; path = test_abs_layer.cpp; sourceTree = "<group>"; };
		08DDC5372DFCBB0600C6E24A /* test_acos_layer.cpp */ = {isa = PBXFileReference; lastKnownFileType = sourcecode.cpp.cpp; path = test_acos_layer.cpp; sourceTree = "<group>"; };
		08DDC5382DFCBB0600C6E24A /* test_acosh_layer.cpp */ = {isa = PBXFileReference; lastKnownFileType = sourcecode.cpp.cpp; path = test_acosh_layer.cpp; sourceTree = "<group>"; };
		08DDC5392DFCBB0600C6E24A /* test_add_layer.cpp */ = {isa = PBXFileReference; lastKnownFileType = sourcecode.cpp.cpp; path = test_add_layer.cpp; sourceTree = "<group>"; };
		08DDC53A2DFCBB0600C6E24A /* test_asin_layer.cpp */ = {isa = PBXFileReference; lastKnownFileType = sourcecode.cpp.cpp; path = test_asin_layer.cpp; sourceTree = "<group>"; };
		08DDC53B2DFCBB0600C6E24A /* test_asinh_layer.cpp */ = {isa = PBXFileReference; lastKnownFileType = sourcecode.cpp.cpp; path = test_asinh_layer.cpp; sourceTree = "<group>"; };
		08DDC53C2DFCBB0600C6E24A /* test_cos_layer.cpp */ = {isa = PBXFileReference; lastKnownFileType = sourcecode.cpp.cpp; path = test_cos_layer.cpp; sourceTree = "<group>"; };
		08DDC53D2DFCBB0600C6E24A /* test_multiply_layer.cpp */ = {isa = PBXFileReference; lastKnownFileType = sourcecode.cpp.cpp; path = test_multiply_layer.cpp; sourceTree = "<group>"; };
		08DDC53E2DFCBB0600C6E24A /* test_sigmoid_layer.cpp */ = {isa = PBXFileReference; lastKnownFileType = sourcecode.cpp.cpp; path = test_sigmoid_layer.cpp; sourceTree = "<group>"; };
		08DDC53F2DFCBB0600C6E24A /* test_sin_layer.cpp */ = {isa = PBXFileReference; lastKnownFileType = sourcecode.cpp.cpp; path = test_sin_layer.cpp; sourceTree = "<group>"; };
		08DDC5402DFCBB0600C6E24A /* test_square_layer.cpp */ = {isa = PBXFileReference; lastKnownFileType = sourcecode.cpp.cpp; path = test_square_layer.cpp; sourceTree = "<group>"; };
		08DDC5412DFCBB0600C6E24A /* test_substract_layer.cpp */ = {isa = PBXFileReference; lastKnownFileType = sourcecode.cpp.cpp; path = test_substract_layer.cpp; sourceTree = "<group>"; };
		08DDC5422DFCBB0600C6E24A /* test_tan_layer.cpp */ = {isa = PBXFileReference; lastKnownFileType = sourcecode.cpp.cpp; path = test_tan_layer.cpp; sourceTree = "<group>"; };
		08DDC5432DFCBB0600C6E24A /* test_tanh_layer.cpp */ = {isa = PBXFileReference; lastKnownFileType = sourcecode.cpp.cpp; path = test_tanh_layer.cpp; sourceTree = "<group>"; };
		08DDC5452DFCBB0600C6E24A /* _.h */ = {isa = PBXFileReference; lastKnownFileType = sourcecode.c.h; path = _.h; sourceTree = "<group>"; };
		08DDC5462DFCBB0600C6E24A /* test_nll_loss_layer.cpp */ = {isa = PBXFileReference; lastKnownFileType = sourcecode.cpp.cpp; path = test_nll_loss_layer.cpp; sourceTree = "<group>"; };
		08DDC5472DFCBB0600C6E24A /* test_relu_layer.cpp */ = {isa = PBXFileReference; lastKnownFileType = sourcecode.cpp.cpp; path = test_relu_layer.cpp; sourceTree = "<group>"; };
		08DDC5482DFCBB0600C6E24A /* test_softmax_layer.cpp */ = {isa = PBXFileReference; lastKnownFileType = sourcecode.cpp.cpp; path = test_softmax_layer.cpp; sourceTree = "<group>"; };
		08DDC54A2DFCBB0600C6E24A /* _.h */ = {isa = PBXFileReference; lastKnownFileType = sourcecode.c.h; path = _.h; sourceTree = "<group>"; };
		08DDC54B2DFCBB0600C6E24A /* test_interpolate_layer.cpp */ = {isa = PBXFileReference; lastKnownFileType = sourcecode.cpp.cpp; path = test_interpolate_layer.cpp; sourceTree = "<group>"; };
		08DDC54C2DFCBB0600C6E24A /* test_param_source_layer.cpp */ = {isa = PBXFileReference; lastKnownFileType = sourcecode.cpp.cpp; path = test_param_source_layer.cpp; sourceTree = "<group>"; };
		08DDC54D2DFCBB0600C6E24A /* test_value_source_layer.cpp */ = {isa = PBXFileReference; lastKnownFileType = sourcecode.cpp.cpp; path = test_value_source_layer.cpp; sourceTree = "<group>"; };
		08DDC54F2DFCBB0600C6E24A /* _.h */ = {isa = PBXFileReference; lastKnownFileType = sourcecode.c.h; path = _.h; sourceTree = "<group>"; };
		08DDC5502DFCBB0600C6E24A /* test_dot_layer.cpp */ = {isa = PBXFileReference; lastKnownFileType = sourcecode.cpp.cpp; path = test_dot_layer.cpp; sourceTree = "<group>"; };
		08DDC5512DFCBB0600C6E24A /* test_permute_layer.cpp */ = {isa = PBXFileReference; lastKnownFileType = sourcecode.cpp.cpp; path = test_permute_layer.cpp; sourceTree = "<group>"; };
		08DDC5532DFCBB0600C6E24A /* _.h */ = {isa = PBXFileReference; lastKnownFileType = sourcecode.c.h; path = _.h; sourceTree = "<group>"; };
		08DDC5552DFCBB0600C6E24A /* _.h */ = {isa = PBXFileReference; lastKnownFileType = sourcecode.c.h; path = _.h; sourceTree = "<group>"; };
		08DDC5562DFCBB0600C6E24A /* test_gru.cpp */ = {isa = PBXFileReference; lastKnownFileType = sourcecode.cpp.cpp; path = test_gru.cpp; sourceTree = "<group>"; };
		08DDC5572DFCBB0600C6E24A /* test_recurrent_layer.cpp */ = {isa = PBXFileReference; lastKnownFileType = sourcecode.cpp.cpp; path = test_recurrent_layer.cpp; sourceTree = "<group>"; };
		08DDC55A2DFCBB0600C6E24A /* main.cpp */ = {isa = PBXFileReference; lastKnownFileType = sourcecode.cpp.cpp; path = main.cpp; sourceTree = "<group>"; };
		08DDC5B92DFCBB2700C6E24A /* test_map.cpp */ = {isa = PBXFileReference; lastKnownFileType = sourcecode.cpp.cpp; path = test_map.cpp; sourceTree = "<group>"; };
		08DDC5BA2DFCBB2700C6E24A /* test_multi_map.cpp */ = {isa = PBXFileReference; lastKnownFileType = sourcecode.cpp.cpp; path = test_multi_map.cpp; sourceTree = "<group>"; };
		08DDC5BB2DFCBB2700C6E24A /* test_sequential.cpp */ = {isa = PBXFileReference; lastKnownFileType = sourcecode.cpp.cpp; path = test_sequential.cpp; sourceTree = "<group>"; };
		08DDC5BC2DFCBB2700C6E24A /* test_set.cpp */ = {isa = PBXFileReference; lastKnownFileType = sourcecode.cpp.cpp; path = test_set.cpp; sourceTree = "<group>"; };
		08DDC5BE2DFCBB2700C6E24A /* param_initializer.cpp */ = {isa = PBXFileReference; lastKnownFileType = sourcecode.cpp.cpp; path = param_initializer.cpp; sourceTree = "<group>"; };
		08DDC5BF2DFCBB2700C6E24A /* test_constant_filler.cpp */ = {isa = PBXFileReference; lastKnownFileType = sourcecode.cpp.cpp; path = test_constant_filler.cpp; sourceTree = "<group>"; };
		08DDC5C02DFCBB2700C6E24A /* test_gaussian_filler.cpp */ = {isa = PBXFileReference; lastKnownFileType = sourcecode.cpp.cpp; path = test_gaussian_filler.cpp; sourceTree = "<group>"; };
		08DDC5C12DFCBB2700C6E24A /* test_param_initializer.cpp */ = {isa = PBXFileReference; lastKnownFileType = sourcecode.cpp.cpp; path = test_param_initializer.cpp; sourceTree = "<group>"; };
		08DDC5C22DFCBB2700C6E24A /* test_uniform_filler.cpp */ = {isa = PBXFileReference; lastKnownFileType = sourcecode.cpp.cpp; path = test_uniform_filler.cpp; sourceTree = "<group>"; };
		08DDC5C32DFCBB2700C6E24A /* test_var_scale_filler.cpp */ = {isa = PBXFileReference; lastKnownFileType = sourcecode.cpp.cpp; path = test_var_scale_filler.cpp; sourceTree = "<group>"; };
		08DDC5C52DFCBB2700C6E24A /* _.h */ = {isa = PBXFileReference; lastKnownFileType = sourcecode.c.h; path = _.h; sourceTree = "<group>"; };
		08DDC5C72DFCBB2700C6E24A /* _.h */ = {isa = PBXFileReference; lastKnownFileType = sourcecode.c.h; path = _.h; sourceTree = "<group>"; };
		08DDC5C82DFCBB2700C6E24A /* test_policy_operations.cpp */ = {isa = PBXFileReference; lastKnownFileType = sourcecode.cpp.cpp; path = test_policy_operations.cpp; sourceTree = "<group>"; };
		08DDC5CA2DFCBB2700C6E24A /* main.cpp */ = {isa = PBXFileReference; lastKnownFileType = sourcecode.cpp.cpp; path = main.cpp; sourceTree = "<group>"; };
/* End PBXFileReference section */

/* Begin PBXFrameworksBuildPhase section */
		08095D762DFCBD0A008D6698 /* Frameworks */ = {
			isa = PBXFrameworksBuildPhase;
			buildActionMask = 2147483647;
			files = (
			);
			runOnlyForDeploymentPostprocessing = 0;
		};
		08095D812DFCBECB008D6698 /* Frameworks */ = {
			isa = PBXFrameworksBuildPhase;
			buildActionMask = 2147483647;
			files = (
			);
			runOnlyForDeploymentPostprocessing = 0;
		};
		0870E4A02D698BBC0097085B /* Frameworks */ = {
			isa = PBXFrameworksBuildPhase;
			buildActionMask = 2147483647;
			files = (
			);
			runOnlyForDeploymentPostprocessing = 0;
		};
/* End PBXFrameworksBuildPhase section */

/* Begin PBXGroup section */
		0870E49A2D698BBC0097085B = {
			isa = PBXGroup;
			children = (
				08CE82AD2EEFB0F800A7AE01 /* MetalSwift.xcodeproj */,
				089304082E14AF07009341A6 /* MetaNN */,
				08DDC5CE2DFCBB2700C6E24A /* OtherTests */,
				08DDC55B2DFCBB0600C6E24A /* LayerTest */,
				08DDC3A92DFA90C500C6E24A /* DataOpTest */,
				08C29A992EEBC6B6009ABB31 /* Frameworks */,
				0870E4A42D698BBC0097085B /* Products */,
			);
			sourceTree = "<group>";
		};
		0870E4A42D698BBC0097085B /* Products */ = {
			isa = PBXGroup;
			children = (
				0870E4A32D698BBC0097085B /* DataOpTest */,
				08095D7B2DFCBD0A008D6698 /* LayerTest */,
				08095D862DFCBECB008D6698 /* OtherTests */,
			);
			name = Products;
			sourceTree = "<group>";
		};
		0893035F2E14AF07009341A6 /* batch */ = {
			isa = PBXGroup;
			children = (
				0893035E2E14AF07009341A6 /* batch_sequence.h */,
			);
			path = batch;
			sourceTree = "<group>";
		};
		089303672E14AF07009341A6 /* facilities */ = {
			isa = PBXGroup;
			children = (
				089303602E14AF07009341A6 /* allocators.h */,
				089303612E14AF07009341A6 /* category_tags.h */,
				089303622E14AF07009341A6 /* continuous_memory.h */,
				089303632E14AF07009341A6 /* device_tags.h */,
				089303642E14AF07009341A6 /* lower_access.h */,
				089303652E14AF07009341A6 /* shape.h */,
				089303662E14AF07009341A6 /* traits.h */,
			);
			path = facilities;
			sourceTree = "<group>";
		};
		0893036F2E14AF07009341A6 /* data */ = {
			isa = PBXGroup;
			children = (
				0893035F2E14AF07009341A6 /* batch */,
				089303672E14AF07009341A6 /* facilities */,
				089303682E14AF07009341A6 /* _.h */,
				089303692E14AF07009341A6 /* bias_vector.h */,
				0893036A2E14AF07009341A6 /* dynamic.h */,
				0893036B2E14AF07009341A6 /* scalable_tensor.h */,
				0893036C2E14AF07009341A6 /* tensor.h */,
				0893036D2E14AF07009341A6 /* trivial_tensor.h */,
				0893036E2E14AF07009341A6 /* zero_tensor.h */,
			);
			path = data;
			sourceTree = "<group>";
		};
		089303712E14AF07009341A6 /* data_copy */ = {
			isa = PBXGroup;
			children = (
				089303702E14AF07009341A6 /* data_copy.h */,
			);
			path = data_copy;
			sourceTree = "<group>";
		};
		089303782E14AF07009341A6 /* evaluate */ = {
			isa = PBXGroup;
			children = (
				089303722E14AF07009341A6 /* eval_buffer.h */,
				089303732E14AF07009341A6 /* eval_dispatcher.h */,
				089303742E14AF07009341A6 /* eval_group.h */,
				089303752E14AF07009341A6 /* eval_handle.h */,
				089303762E14AF07009341A6 /* eval_item.h */,
				089303772E14AF07009341A6 /* eval_plan.h */,
			);
			path = evaluate;
			sourceTree = "<group>";
		};
		089303802E14AF07009341A6 /* cont_metafuns */ = {
			isa = PBXGroup;
			children = (
				089303792E14AF07009341A6 /* _.h */,
				0893037A2E14AF07009341A6 /* helpers.h */,
				0893037B2E14AF07009341A6 /* map.h */,
				0893037C2E14AF07009341A6 /* multi_map.h */,
				0893037D2E14AF07009341A6 /* sequential.h */,
				0893037E2E14AF07009341A6 /* set.h */,
				0893037F2E14AF07009341A6 /* value_sequential.h */,
			);
			path = cont_metafuns;
			sourceTree = "<group>";
		};
		089303862E14AF07009341A6 /* facilities */ = {
			isa = PBXGroup;
			children = (
				089303802E14AF07009341A6 /* cont_metafuns */,
				089303812E14AF07009341A6 /* _.h */,
				089303822E14AF07009341A6 /* null_param.h */,
				089303832E14AF07009341A6 /* traits.h */,
				089303842E14AF07009341A6 /* type_id.h */,
				089303852E14AF07009341A6 /* var_type_dict.h */,
			);
			path = facilities;
			sourceTree = "<group>";
		};
		0893038D2E14AF07009341A6 /* composite */ = {
			isa = PBXGroup;
			children = (
				089303872E14AF07009341A6 /* _.h */,
				089303882E14AF07009341A6 /* bias_layer.h */,
				089303892E14AF07009341A6 /* compose_kernel.h */,
				0893038A2E14AF07009341A6 /* linear_layer.h */,
				0893038B2E14AF07009341A6 /* single_layer_perceptron.h */,
				0893038C2E14AF07009341A6 /* weight_layer.h */,
			);
			path = composite;
			sourceTree = "<group>";
		};
		089303942E14AF07009341A6 /* facilities */ = {
			isa = PBXGroup;
			children = (
				0893038E2E14AF07009341A6 /* _.h */,
				0893038F2E14AF07009341A6 /* interface_fun.h */,
				089303902E14AF07009341A6 /* layer_in_map.h */,
				089303912E14AF07009341A6 /* make_layer.h */,
				089303922E14AF07009341A6 /* policies.h */,
				089303932E14AF07009341A6 /* traits.h */,
			);
			path = facilities;
			sourceTree = "<group>";
		};
		089303962E14AF07009341A6 /* math */ = {
			isa = PBXGroup;
			children = (
				089303952E14AF07009341A6 /* _.h */,
			);
			path = math;
			sourceTree = "<group>";
		};
		089303A62E14AF07009341A6 /* math */ = {
			isa = PBXGroup;
			children = (
				089303972E14AF07009341A6 /* _.h */,
				089303982E14AF07009341A6 /* abs_layer.h */,
				089303992E14AF07009341A6 /* acos_layer.h */,
				0893039A2E14AF07009341A6 /* acosh_layer.h */,
				0893039B2E14AF07009341A6 /* add_layer.h */,
				0893039C2E14AF07009341A6 /* asin_layer.h */,
				0893039D2E14AF07009341A6 /* asinh_layer.h */,
				0893039E2E14AF07009341A6 /* cos_layer.h */,
				0893039F2E14AF07009341A6 /* multiply_layer.h */,
				089303A02E14AF07009341A6 /* sigmoid_layer.h */,
				089303A12E14AF07009341A6 /* sin_layer.h */,
				089303A22E14AF07009341A6 /* square_layer.h */,
				089303A32E14AF07009341A6 /* substract_layer.h */,
				089303A42E14AF07009341A6 /* tan_layer.h */,
				089303A52E14AF07009341A6 /* tanh_layer.h */,
			);
			path = math;
			sourceTree = "<group>";
		};
		089303AB2E14AF07009341A6 /* nn */ = {
			isa = PBXGroup;
			children = (
				089303A72E14AF07009341A6 /* _.h */,
				089303A82E14AF07009341A6 /* nll_loss_layer.h */,
				089303A92E14AF07009341A6 /* relu_layer.h */,
				089303AA2E14AF07009341A6 /* softmax_layer.h */,
			);
			path = nn;
			sourceTree = "<group>";
		};
		089303B02E14AF07009341A6 /* others */ = {
			isa = PBXGroup;
			children = (
				089303AC2E14AF07009341A6 /* _.h */,
				089303AD2E14AF07009341A6 /* interpolate_layer.h */,
				089303AE2E14AF07009341A6 /* param_source_layer.h */,
				089303AF2E14AF07009341A6 /* value_source_layer.h */,
			);
			path = others;
			sourceTree = "<group>";
		};
		089303B42E14AF07009341A6 /* tensor */ = {
			isa = PBXGroup;
			children = (
				089303B12E14AF07009341A6 /* _.h */,
				089303B22E14AF07009341A6 /* dot_layer.h */,
				089303B32E14AF07009341A6 /* permute_layer.h */,
			);
			path = tensor;
			sourceTree = "<group>";
		};
		089303B62E14AF07009341A6 /* principal */ = {
			isa = PBXGroup;
			children = (
				089303A62E14AF07009341A6 /* math */,
				089303AB2E14AF07009341A6 /* nn */,
				089303B02E14AF07009341A6 /* others */,
				089303B42E14AF07009341A6 /* tensor */,
				089303B52E14AF07009341A6 /* _.h */,
			);
			path = principal;
			sourceTree = "<group>";
		};
		089303BA2E14AF07009341A6 /* recurrent */ = {
			isa = PBXGroup;
			children = (
				089303B72E14AF07009341A6 /* _.h */,
				089303B82E14AF07009341A6 /* gru_step.h */,
				089303B92E14AF07009341A6 /* recurrent_layer.h */,
			);
			path = recurrent;
			sourceTree = "<group>";
		};
		089303BC2E14AF07009341A6 /* layers */ = {
			isa = PBXGroup;
			children = (
				0893038D2E14AF07009341A6 /* composite */,
				089303942E14AF07009341A6 /* facilities */,
				089303962E14AF07009341A6 /* math */,
				089303B62E14AF07009341A6 /* principal */,
				089303BA2E14AF07009341A6 /* recurrent */,
				089303BB2E14AF07009341A6 /* _.h */,
			);
			path = layers;
			sourceTree = "<group>";
		};
		089303BE2E14AF07009341A6 /* facilities */ = {
			isa = PBXGroup;
			children = (
				089303BD2E14AF07009341A6 /* weight_buffer.h */,
			);
			path = facilities;
			sourceTree = "<group>";
		};
		089303C12E14AF07009341A6 /* facilities */ = {
			isa = PBXGroup;
			children = (
				089303BF2E14AF07009341A6 /* fill_with_spec_dist.h */,
				089303C02E14AF07009341A6 /* policies.h */,
			);
			path = facilities;
			sourceTree = "<group>";
		};
		089303C82E14AF07009341A6 /* param_initializer */ = {
			isa = PBXGroup;
			children = (
				089303C12E14AF07009341A6 /* facilities */,
				089303C22E14AF07009341A6 /* _.h */,
				089303C32E14AF07009341A6 /* constant_filler.h */,
				089303C42E14AF07009341A6 /* gaussian_filler.h */,
				089303C52E14AF07009341A6 /* param_initializer.h */,
				089303C62E14AF07009341A6 /* uniform_filler.h */,
				089303C72E14AF07009341A6 /* var_scale_filler.h */,
			);
			path = param_initializer;
			sourceTree = "<group>";
		};
		089303CC2E14AF07009341A6 /* weight_cont */ = {
			isa = PBXGroup;
			children = (
				089303C92E14AF07009341A6 /* _.h */,
				089303CA2E14AF07009341A6 /* grad_collector.h */,
				089303CB2E14AF07009341A6 /* load_buffer.h */,
			);
			path = weight_cont;
			sourceTree = "<group>";
		};
		089303CE2E14AF07009341A6 /* model */ = {
			isa = PBXGroup;
			children = (
				089303BE2E14AF07009341A6 /* facilities */,
				089303C82E14AF07009341A6 /* param_initializer */,
				089303CC2E14AF07009341A6 /* weight_cont */,
				089303CD2E14AF07009341A6 /* _.h */,
			);
			path = model;
			sourceTree = "<group>";
		};
		089303D62E14AF07009341A6 /* facilities */ = {
			isa = PBXGroup;
			children = (
				089303CF2E14AF07009341A6 /* _.h */,
				089303D02E14AF07009341A6 /* instance_id.h */,
				089303D12E14AF07009341A6 /* operation_frame.h */,
				089303D22E14AF07009341A6 /* organizer.h */,
				089303D32E14AF07009341A6 /* policies.h */,
				089303D42E14AF07009341A6 /* tags.h */,
				089303D52E14AF07009341A6 /* tail_calculator.h */,
			);
			path = facilities;
			sourceTree = "<group>";
		};
		089303EB2E14AF07009341A6 /* math */ = {
			isa = PBXGroup;
			children = (
				089303D72E14AF07009341A6 /* _.h */,
				089303D82E14AF07009341A6 /* abs.h */,
				089303D92E14AF07009341A6 /* acos.h */,
				089303DA2E14AF07009341A6 /* acosh.h */,
				089303DB2E14AF07009341A6 /* add.h */,
				089303DC2E14AF07009341A6 /* asin.h */,
				089303DD2E14AF07009341A6 /* asinh.h */,
				089303DE2E14AF07009341A6 /* cos.h */,
				089303DF2E14AF07009341A6 /* divide.h */,
				089303E02E14AF07009341A6 /* exp.h */,
				089303E12E14AF07009341A6 /* multiply.h */,
				089303E22E14AF07009341A6 /* negative.h */,
				089303E32E14AF07009341A6 /* reduce_sum.h */,
				089303E42E14AF07009341A6 /* sigmoid.h */,
				089303E52E14AF07009341A6 /* sign.h */,
				089303E62E14AF07009341A6 /* sin.h */,
				089303E72E14AF07009341A6 /* square.h */,
				089303E82E14AF07009341A6 /* substract.h */,
				089303E92E14AF07009341A6 /* tan.h */,
				089303EA2E14AF07009341A6 /* tanh.h */,
			);
			path = math;
			sourceTree = "<group>";
		};
		089303ED2E14AF07009341A6 /* facilities */ = {
			isa = PBXGroup;
			children = (
				089303EC2E14AF07009341A6 /* organizer.h */,
			);
			path = facilities;
			sourceTree = "<group>";
		};
		089303F22E14AF07009341A6 /* nn */ = {
			isa = PBXGroup;
			children = (
				089303ED2E14AF07009341A6 /* facilities */,
				089303EE2E14AF07009341A6 /* _.h */,
				089303EF2E14AF07009341A6 /* nll_loss.h */,
				089303F02E14AF07009341A6 /* relu.h */,
				089303F12E14AF07009341A6 /* softmax.h */,
			);
			path = nn;
			sourceTree = "<group>";
		};
		089303F52E14AF07009341A6 /* others */ = {
			isa = PBXGroup;
			children = (
				089303F32E14AF07009341A6 /* _.h */,
				089303F42E14AF07009341A6 /* interpolate.h */,
			);
			path = others;
			sourceTree = "<group>";
		};
		089303FC2E14AF07009341A6 /* tensor */ = {
			isa = PBXGroup;
			children = (
				089303F62E14AF07009341A6 /* _.h */,
				089303F72E14AF07009341A6 /* dot.h */,
				089303F82E14AF07009341A6 /* permute.h */,
				089303F92E14AF07009341A6 /* reshape.h */,
				089303FA2E14AF07009341A6 /* slice.h */,
				089303FB2E14AF07009341A6 /* tile.h */,
			);
			path = tensor;
			sourceTree = "<group>";
		};
		089303FF2E14AF07009341A6 /* operation */ = {
			isa = PBXGroup;
			children = (
				089303D62E14AF07009341A6 /* facilities */,
				089303EB2E14AF07009341A6 /* math */,
				089303F22E14AF07009341A6 /* nn */,
				089303F52E14AF07009341A6 /* others */,
				089303FC2E14AF07009341A6 /* tensor */,
				089303FD2E14AF07009341A6 /* _.h */,
				089303FE2E14AF07009341A6 /* conv.h */,
			);
			path = operation;
			sourceTree = "<group>";
		};
		089304052E14AF07009341A6 /* policies */ = {
			isa = PBXGroup;
			children = (
				089304002E14AF07009341A6 /* _.h */,
				089304012E14AF07009341A6 /* policy_container.h */,
				089304022E14AF07009341A6 /* policy_macro_begin.h */,
				089304032E14AF07009341A6 /* policy_macro_end.h */,
				089304042E14AF07009341A6 /* policy_operations.h */,
			);
			path = policies;
			sourceTree = "<group>";
		};
		089304082E14AF07009341A6 /* MetaNN */ = {
			isa = PBXGroup;
			children = (
				0893036F2E14AF07009341A6 /* data */,
				089303712E14AF07009341A6 /* data_copy */,
				089303782E14AF07009341A6 /* evaluate */,
				089303862E14AF07009341A6 /* facilities */,
				089303BC2E14AF07009341A6 /* layers */,
				089303CE2E14AF07009341A6 /* model */,
				089303FF2E14AF07009341A6 /* operation */,
				089304052E14AF07009341A6 /* policies */,
				089304062E14AF07009341A6 /* meta_nn.h */,
				089304072E14AF07009341A6 /* MetaNN.project */,
			);
			path = MetaNN;
			sourceTree = "<group>";
		};
		08C29A992EEBC6B6009ABB31 /* Frameworks */ = {
			isa = PBXGroup;
			children = (
			);
			name = Frameworks;
			sourceTree = "<group>";
		};
		08CE82AE2EEFB0F800A7AE01 /* Products */ = {
			isa = PBXGroup;
			children = (
			);
			name = Products;
			sourceTree = "<group>";
		};
		08DDC3772DFA90C500C6E24A /* facilities */ = {
			isa = PBXGroup;
			children = (
				08DDC3752DFA90C500C6E24A /* _.h */,
				08DDC3762DFA90C500C6E24A /* test_shape.cpp */,
			);
			path = facilities;
			sourceTree = "<group>";
		};
		08DDC3802DFA90C500C6E24A /* data */ = {
			isa = PBXGroup;
			children = (
				08DDC3772DFA90C500C6E24A /* facilities */,
				08DDC3782DFA90C500C6E24A /* _.h */,
				08DDC3792DFA90C500C6E24A /* test_bias_vector.cpp */,
				08DDC37A2DFA90C500C6E24A /* test_dynamic.cpp */,
				08DDC37B2DFA90C500C6E24A /* test_scalable_tensor.cpp */,
				08DDC37C2DFA90C500C6E24A /* test_scalar.cpp */,
				08DDC37D2DFA90C500C6E24A /* test_tensor.cpp */,
				08DDC37E2DFA90C500C6E24A /* test_trivial_tensor.cpp */,
				08DDC37F2DFA90C500C6E24A /* test_zero_tensor.cpp */,
			);
			path = data;
			sourceTree = "<group>";
		};
		08DDC3952DFA90C500C6E24A /* math */ = {
			isa = PBXGroup;
			children = (
				08DDC3812DFA90C500C6E24A /* _.h */,
				08DDC3822DFA90C500C6E24A /* test_abs.cpp */,
				08DDC3832DFA90C500C6E24A /* test_acos.cpp */,
				08DDC3842DFA90C500C6E24A /* test_acosh.cpp */,
				08DDC3852DFA90C500C6E24A /* test_add.cpp */,
				08DDC3862DFA90C500C6E24A /* test_asin.cpp */,
				08DDC3872DFA90C500C6E24A /* test_asinh.cpp */,
				08DDC3882DFA90C500C6E24A /* test_cos.cpp */,
				08DDC3892DFA90C500C6E24A /* test_divide.cpp */,
				08DDC38A2DFA90C500C6E24A /* test_exp.cpp */,
				08DDC38B2DFA90C500C6E24A /* test_multiply.cpp */,
				08DDC38C2DFA90C500C6E24A /* test_negative.cpp */,
				08DDC38D2DFA90C500C6E24A /* test_reduce_sum.cpp */,
				08DDC38E2DFA90C500C6E24A /* test_sigmoid.cpp */,
				08DDC38F2DFA90C500C6E24A /* test_sign.cpp */,
				08DDC3902DFA90C500C6E24A /* test_sin.cpp */,
				08DDC3912DFA90C500C6E24A /* test_square.cpp */,
				08DDC3922DFA90C500C6E24A /* test_substract.cpp */,
				08DDC3932DFA90C500C6E24A /* test_tan.cpp */,
				08DDC3942DFA90C500C6E24A /* test_tanh.cpp */,
			);
			path = math;
			sourceTree = "<group>";
		};
		08DDC39A2DFA90C500C6E24A /* nn */ = {
			isa = PBXGroup;
			children = (
				08DDC3962DFA90C500C6E24A /* _.h */,
				08DDC3972DFA90C500C6E24A /* test_nll_loss.cpp */,
				08DDC3982DFA90C500C6E24A /* test_relu.cpp */,
				08DDC3992DFA90C500C6E24A /* test_softmax.cpp */,
			);
			path = nn;
			sourceTree = "<group>";
		};
		08DDC39D2DFA90C500C6E24A /* others */ = {
			isa = PBXGroup;
			children = (
				08DDC39B2DFA90C500C6E24A /* _.h */,
				08DDC39C2DFA90C500C6E24A /* test_interpolate.cpp */,
			);
			path = others;
			sourceTree = "<group>";
		};
		08DDC3A42DFA90C500C6E24A /* tensor */ = {
			isa = PBXGroup;
			children = (
				08DDC39E2DFA90C500C6E24A /* _.h */,
				08DDC39F2DFA90C500C6E24A /* test_dot.cpp */,
				08DDC3A02DFA90C500C6E24A /* test_permute.cpp */,
				08DDC3A12DFA90C500C6E24A /* test_reshape.cpp */,
				08DDC3A22DFA90C500C6E24A /* test_slice.cpp */,
				08DDC3A32DFA90C500C6E24A /* test_tile.cpp */,
			);
			path = tensor;
			sourceTree = "<group>";
		};
		08DDC3A62DFA90C500C6E24A /* operation */ = {
			isa = PBXGroup;
			children = (
				08DDC3952DFA90C500C6E24A /* math */,
				08DDC39A2DFA90C500C6E24A /* nn */,
				08DDC39D2DFA90C500C6E24A /* others */,
				08DDC3A42DFA90C500C6E24A /* tensor */,
				08DDC3A52DFA90C500C6E24A /* _.h */,
			);
			path = operation;
			sourceTree = "<group>";
		};
		08DDC3A92DFA90C500C6E24A /* DataOpTest */ = {
			isa = PBXGroup;
			children = (
				08DDC3802DFA90C500C6E24A /* data */,
				08DDC3A62DFA90C500C6E24A /* operation */,
				08DDC3A72DFA90C500C6E24A /* DataOpTest.project */,
				08DDC3A82DFA90C500C6E24A /* main.cpp */,
				08DDC3CF2DFA914400C6E24A /* calculate_tags.h */,
				08DDC3D02DFA914400C6E24A /* data_gen.h */,
			);
			name = DataOpTest;
			path = Tests/DataOpTest;
			sourceTree = "<group>";
		};
		08DDC5032DFCBB0600C6E24A /* composite */ = {
			isa = PBXGroup;
			children = (
				08DDC4FD2DFCBB0600C6E24A /* _.h */,
				08DDC4FE2DFCBB0600C6E24A /* test_bias_layer.cpp */,
				08DDC4FF2DFCBB0600C6E24A /* test_compose_kenrel.cpp */,
				08DDC5002DFCBB0600C6E24A /* test_linear_layer.cpp */,
				08DDC5012DFCBB0600C6E24A /* test_single_layer_perceptron.cpp */,
				08DDC5022DFCBB0600C6E24A /* test_weight_layer.cpp */,
			);
			path = composite;
			sourceTree = "<group>";
		};
		08DDC5442DFCBB0600C6E24A /* math */ = {
			isa = PBXGroup;
			children = (
				08DDC5352DFCBB0600C6E24A /* _.h */,
				08DDC5362DFCBB0600C6E24A /* test_abs_layer.cpp */,
				08DDC5372DFCBB0600C6E24A /* test_acos_layer.cpp */,
				08DDC5382DFCBB0600C6E24A /* test_acosh_layer.cpp */,
				08DDC5392DFCBB0600C6E24A /* test_add_layer.cpp */,
				08DDC53A2DFCBB0600C6E24A /* test_asin_layer.cpp */,
				08DDC53B2DFCBB0600C6E24A /* test_asinh_layer.cpp */,
				08DDC53C2DFCBB0600C6E24A /* test_cos_layer.cpp */,
				08DDC53D2DFCBB0600C6E24A /* test_multiply_layer.cpp */,
				08DDC53E2DFCBB0600C6E24A /* test_sigmoid_layer.cpp */,
				08DDC53F2DFCBB0600C6E24A /* test_sin_layer.cpp */,
				08DDC5402DFCBB0600C6E24A /* test_square_layer.cpp */,
				08DDC5412DFCBB0600C6E24A /* test_substract_layer.cpp */,
				08DDC5422DFCBB0600C6E24A /* test_tan_layer.cpp */,
				08DDC5432DFCBB0600C6E24A /* test_tanh_layer.cpp */,
			);
			path = math;
			sourceTree = "<group>";
		};
		08DDC5492DFCBB0600C6E24A /* nn */ = {
			isa = PBXGroup;
			children = (
				08DDC5452DFCBB0600C6E24A /* _.h */,
				08DDC5462DFCBB0600C6E24A /* test_nll_loss_layer.cpp */,
				08DDC5472DFCBB0600C6E24A /* test_relu_layer.cpp */,
				08DDC5482DFCBB0600C6E24A /* test_softmax_layer.cpp */,
			);
			path = nn;
			sourceTree = "<group>";
		};
		08DDC54E2DFCBB0600C6E24A /* others */ = {
			isa = PBXGroup;
			children = (
				08DDC54A2DFCBB0600C6E24A /* _.h */,
				08DDC54B2DFCBB0600C6E24A /* test_interpolate_layer.cpp */,
				08DDC54C2DFCBB0600C6E24A /* test_param_source_layer.cpp */,
				08DDC54D2DFCBB0600C6E24A /* test_value_source_layer.cpp */,
			);
			path = others;
			sourceTree = "<group>";
		};
		08DDC5522DFCBB0600C6E24A /* tensor */ = {
			isa = PBXGroup;
			children = (
				08DDC54F2DFCBB0600C6E24A /* _.h */,
				08DDC5502DFCBB0600C6E24A /* test_dot_layer.cpp */,
				08DDC5512DFCBB0600C6E24A /* test_permute_layer.cpp */,
			);
			path = tensor;
			sourceTree = "<group>";
		};
		08DDC5542DFCBB0600C6E24A /* principal */ = {
			isa = PBXGroup;
			children = (
				08DDC5442DFCBB0600C6E24A /* math */,
				08DDC5492DFCBB0600C6E24A /* nn */,
				08DDC54E2DFCBB0600C6E24A /* others */,
				08DDC5522DFCBB0600C6E24A /* tensor */,
				08DDC5532DFCBB0600C6E24A /* _.h */,
			);
			path = principal;
			sourceTree = "<group>";
		};
		08DDC5582DFCBB0600C6E24A /* recurrent */ = {
			isa = PBXGroup;
			children = (
				08DDC5552DFCBB0600C6E24A /* _.h */,
				08DDC5562DFCBB0600C6E24A /* test_gru.cpp */,
				08DDC5572DFCBB0600C6E24A /* test_recurrent_layer.cpp */,
			);
			path = recurrent;
			sourceTree = "<group>";
		};
		08DDC55B2DFCBB0600C6E24A /* LayerTest */ = {
			isa = PBXGroup;
			children = (
				08DDC5032DFCBB0600C6E24A /* composite */,
				08DDC55A2DFCBB0600C6E24A /* main.cpp */,
				08DDC5542DFCBB0600C6E24A /* principal */,
				08DDC5582DFCBB0600C6E24A /* recurrent */,
			);
			name = LayerTest;
			path = Tests/LayerTest;
			sourceTree = "<group>";
		};
		08DDC5BD2DFCBB2700C6E24A /* facilities */ = {
			isa = PBXGroup;
			children = (
				08DDC5B92DFCBB2700C6E24A /* test_map.cpp */,
				08DDC5BA2DFCBB2700C6E24A /* test_multi_map.cpp */,
				08DDC5BB2DFCBB2700C6E24A /* test_sequential.cpp */,
				08DDC5BC2DFCBB2700C6E24A /* test_set.cpp */,
			);
			path = facilities;
			sourceTree = "<group>";
		};
		08DDC5C42DFCBB2700C6E24A /* param_initializer */ = {
			isa = PBXGroup;
			children = (
				08DDC5BE2DFCBB2700C6E24A /* param_initializer.cpp */,
				08DDC5BF2DFCBB2700C6E24A /* test_constant_filler.cpp */,
				08DDC5C02DFCBB2700C6E24A /* test_gaussian_filler.cpp */,
				08DDC5C12DFCBB2700C6E24A /* test_param_initializer.cpp */,
				08DDC5C22DFCBB2700C6E24A /* test_uniform_filler.cpp */,
				08DDC5C32DFCBB2700C6E24A /* test_var_scale_filler.cpp */,
			);
			path = param_initializer;
			sourceTree = "<group>";
		};
		08DDC5C62DFCBB2700C6E24A /* model */ = {
			isa = PBXGroup;
			children = (
				08DDC5C52DFCBB2700C6E24A /* _.h */,
				08DDC5C42DFCBB2700C6E24A /* param_initializer */,
			);
			path = model;
			sourceTree = "<group>";
		};
		08DDC5C92DFCBB2700C6E24A /* policies */ = {
			isa = PBXGroup;
			children = (
				08DDC5C72DFCBB2700C6E24A /* _.h */,
				08DDC5C82DFCBB2700C6E24A /* test_policy_operations.cpp */,
			);
			path = policies;
			sourceTree = "<group>";
		};
		08DDC5CE2DFCBB2700C6E24A /* OtherTests */ = {
			isa = PBXGroup;
			children = (
				08DDC5BD2DFCBB2700C6E24A /* facilities */,
				08DDC5C62DFCBB2700C6E24A /* model */,
				08DDC5C92DFCBB2700C6E24A /* policies */,
				08DDC5CA2DFCBB2700C6E24A /* main.cpp */,
			);
			name = OtherTests;
			path = Tests/OtherTests;
			sourceTree = "<group>";
		};
/* End PBXGroup section */

/* Begin PBXNativeTarget section */
		08095D4F2DFCBD0A008D6698 /* LayerTest */ = {
			isa = PBXNativeTarget;
			buildConfigurationList = 08095D782DFCBD0A008D6698 /* Build configuration list for PBXNativeTarget "LayerTest" */;
			buildPhases = (
				08095D502DFCBD0A008D6698 /* Sources */,
				08095D762DFCBD0A008D6698 /* Frameworks */,
				08095D772DFCBD0A008D6698 /* CopyFiles */,
			);
			buildRules = (
			);
			dependencies = (
			);
			name = LayerTest;
			packageProductDependencies = (
			);
			productName = MetaNNXC;
			productReference = 08095D7B2DFCBD0A008D6698 /* LayerTest */;
			productType = "com.apple.product-type.tool";
		};
		08095D7D2DFCBECB008D6698 /* OtherTests */ = {
			isa = PBXNativeTarget;
			buildConfigurationList = 08095D832DFCBECB008D6698 /* Build configuration list for PBXNativeTarget "OtherTests" */;
			buildPhases = (
				08095D7E2DFCBECB008D6698 /* Sources */,
				08095D812DFCBECB008D6698 /* Frameworks */,
				08095D822DFCBECB008D6698 /* CopyFiles */,
			);
			buildRules = (
			);
			dependencies = (
			);
			name = OtherTests;
			packageProductDependencies = (
			);
			productName = MetaNNXC;
			productReference = 08095D862DFCBECB008D6698 /* OtherTests */;
			productType = "com.apple.product-type.tool";
		};
		0870E4A22D698BBC0097085B /* DataOpTest */ = {
			isa = PBXNativeTarget;
			buildConfigurationList = 0870E4AA2D698BBC0097085B /* Build configuration list for PBXNativeTarget "DataOpTest" */;
			buildPhases = (
				0870E49F2D698BBC0097085B /* Sources */,
				0870E4A02D698BBC0097085B /* Frameworks */,
				0870E4A12D698BBC0097085B /* CopyFiles */,
			);
			buildRules = (
			);
			dependencies = (
			);
			name = DataOpTest;
			packageProductDependencies = (
			);
			productName = MetaNNXC;
			productReference = 0870E4A32D698BBC0097085B /* DataOpTest */;
			productType = "com.apple.product-type.tool";
		};
/* End PBXNativeTarget section */

/* Begin PBXProject section */
		0870E49B2D698BBC0097085B /* Project object */ = {
			isa = PBXProject;
			attributes = {
				BuildIndependentTargetsInParallel = 1;
				LastUpgradeCheck = 1640;
				TargetAttributes = {
					0870E4A22D698BBC0097085B = {
						CreatedOnToolsVersion = 16.2;
					};
				};
			};
			buildConfigurationList = 0870E49E2D698BBC0097085B /* Build configuration list for PBXProject "MetaNNXC" */;
			developmentRegion = en;
			hasScannedForEncodings = 0;
			knownRegions = (
				en,
				Base,
			);
			mainGroup = 0870E49A2D698BBC0097085B;
			minimizedProjectReferenceProxies = 1;
			preferredProjectObjectVersion = 77;
			productRefGroup = 0870E4A42D698BBC0097085B /* Products */;
			projectDirPath = "";
			projectReferences = (
				{
					ProductGroup = 08CE82AE2EEFB0F800A7AE01 /* Products */;
					ProjectRef = 08CE82AD2EEFB0F800A7AE01 /* MetalSwift.xcodeproj */;
				},
			);
			projectRoot = "";
			targets = (
				0870E4A22D698BBC0097085B /* DataOpTest */,
				08095D4F2DFCBD0A008D6698 /* LayerTest */,
				08095D7D2DFCBECB008D6698 /* OtherTests */,
			);
		};
/* End PBXProject section */

/* Begin PBXSourcesBuildPhase section */
		08095D502DFCBD0A008D6698 /* Sources */ = {
			isa = PBXSourcesBuildPhase;
			buildActionMask = 2147483647;
			files = (
				08095D872DFCBEED008D6698 /* test_single_layer_perceptron.cpp in Sources */,
				08095D882DFCBEED008D6698 /* test_weight_layer.cpp in Sources */,
				08095D982DFCBF64008D6698 /* test_square_layer.cpp in Sources */,
				08095D992DFCBF64008D6698 /* test_asinh_layer.cpp in Sources */,
				08095D9A2DFCBF64008D6698 /* test_cos_layer.cpp in Sources */,
				08095D9B2DFCBF64008D6698 /* test_tanh_layer.cpp in Sources */,
				08095D9C2DFCBF64008D6698 /* test_acos_layer.cpp in Sources */,
				08095D9D2DFCBF64008D6698 /* test_sin_layer.cpp in Sources */,
				08095D9E2DFCBF64008D6698 /* test_tan_layer.cpp in Sources */,
				08095DA62DFCBF85008D6698 /* test_relu_layer.cpp in Sources */,
				08095DA72DFCBF85008D6698 /* test_softmax_layer.cpp in Sources */,
				08095DA82DFCBF85008D6698 /* test_nll_loss_layer.cpp in Sources */,
				08095DA92DFCBF98008D6698 /* test_value_source_layer.cpp in Sources */,
				08095DAA2DFCBF98008D6698 /* test_permute_layer.cpp in Sources */,
				08095DAB2DFCBF98008D6698 /* test_param_source_layer.cpp in Sources */,
				08095DAC2DFCBF98008D6698 /* test_interpolate_layer.cpp in Sources */,
				08095DAD2DFCBF98008D6698 /* test_dot_layer.cpp in Sources */,
				08095DAE2DFCBF98008D6698 /* test_gru.cpp in Sources */,
				08095DAF2DFCBF98008D6698 /* test_recurrent_layer.cpp in Sources */,
				08095D9F2DFCBF64008D6698 /* test_multiply_layer.cpp in Sources */,
				08095DA02DFCBF64008D6698 /* test_abs_layer.cpp in Sources */,
				08095DA12DFCBF64008D6698 /* test_add_layer.cpp in Sources */,
				08095DA22DFCBF64008D6698 /* test_sigmoid_layer.cpp in Sources */,
				08095DA32DFCBF64008D6698 /* test_asin_layer.cpp in Sources */,
				08095DA42DFCBF64008D6698 /* test_substract_layer.cpp in Sources */,
				08095DA52DFCBF64008D6698 /* test_acosh_layer.cpp in Sources */,
				08095D892DFCBEED008D6698 /* test_bias_layer.cpp in Sources */,
				08095D8A2DFCBEED008D6698 /* test_compose_kenrel.cpp in Sources */,
				08095D8B2DFCBEED008D6698 /* test_linear_layer.cpp in Sources */,
				08095D672DFCBD0A008D6698 /* test_interpolate.cpp in Sources */,
				08095D7C2DFCBD6C008D6698 /* main.cpp in Sources */,
			);
			runOnlyForDeploymentPostprocessing = 0;
		};
		08095D7E2DFCBECB008D6698 /* Sources */ = {
			isa = PBXSourcesBuildPhase;
			buildActionMask = 2147483647;
			files = (
				08095D7F2DFCBECB008D6698 /* test_interpolate.cpp in Sources */,
				08095DB02DFCC0C3008D6698 /* test_sequential.cpp in Sources */,
				08095DB12DFCC0C3008D6698 /* test_set.cpp in Sources */,
				08095DBD2DFCC12B008D6698 /* main.cpp in Sources */,
				08095DB42DFCC0CC008D6698 /* test_gaussian_filler.cpp in Sources */,
				08CE81DE2EEFAA6800A7AE01 /* test_compose_kenrel.cpp in Sources */,
				08095DB52DFCC0CC008D6698 /* test_param_initializer.cpp in Sources */,
				08CE81DF2EEFAA8700A7AE01 /* test_add_layer.cpp in Sources */,
				08CE81E02EEFAAA400A7AE01 /* test_param_source_layer.cpp in Sources */,
				08CE81E12EEFAAEB00A7AE01 /* test_cos.cpp in Sources */,
				08095DB62DFCC0CC008D6698 /* param_initializer.cpp in Sources */,
				08095DBC2DFCC10C008D6698 /* test_policy_operations.cpp in Sources */,
				08CE81D72EEFAA2000A7AE01 /* test_tensor.cpp in Sources */,
				08095DB72DFCC0CC008D6698 /* test_var_scale_filler.cpp in Sources */,
				08095DB82DFCC0CC008D6698 /* test_constant_filler.cpp in Sources */,
				08095DB92DFCC0CC008D6698 /* test_uniform_filler.cpp in Sources */,
				08095DB22DFCC0C3008D6698 /* test_map.cpp in Sources */,
				08095DB32DFCC0C3008D6698 /* test_multi_map.cpp in Sources */,
			);
			runOnlyForDeploymentPostprocessing = 0;
		};
		0870E49F2D698BBC0097085B /* Sources */ = {
			isa = PBXSourcesBuildPhase;
			buildActionMask = 2147483647;
			files = (
				08DDC3AA2DFA90C500C6E24A /* test_tile.cpp in Sources */,
				08DDC3AB2DFA90C500C6E24A /* test_zero_tensor.cpp in Sources */,
				08DDC3AC2DFA90C500C6E24A /* test_nll_loss.cpp in Sources */,
				08DDC3AD2DFA90C500C6E24A /* test_tanh.cpp in Sources */,
				08DDC3AE2DFA90C500C6E24A /* test_square.cpp in Sources */,
				08DDC3AF2DFA90C500C6E24A /* test_negative.cpp in Sources */,
				08DDC3B02DFA90C500C6E24A /* test_scalable_tensor.cpp in Sources */,
				08DDC3B12DFA90C500C6E24A /* test_relu.cpp in Sources */,
				08DDC3B22DFA90C500C6E24A /* test_bias_vector.cpp in Sources */,
				08DDC3B32DFA90C500C6E24A /* test_dot.cpp in Sources */,
				08DDC3B42DFA90C500C6E24A /* main.cpp in Sources */,
				08DDC3B52DFA90C500C6E24A /* test_tan.cpp in Sources */,
				08DDC3B62DFA90C500C6E24A /* test_cos.cpp in Sources */,
				08DDC3B72DFA90C500C6E24A /* test_scalar.cpp in Sources */,
				08DDC3B82DFA90C500C6E24A /* test_asin.cpp in Sources */,
				08DDC3B92DFA90C500C6E24A /* test_shape.cpp in Sources */,
				08DDC3BA2DFA90C500C6E24A /* test_add.cpp in Sources */,
				08DDC3BB2DFA90C500C6E24A /* test_acosh.cpp in Sources */,
				08DDC3BC2DFA90C500C6E24A /* test_tensor.cpp in Sources */,
				08DDC3BD2DFA90C500C6E24A /* test_sigmoid.cpp in Sources */,
				08DDC3BE2DFA90C500C6E24A /* test_abs.cpp in Sources */,
				08DDC3BF2DFA90C500C6E24A /* test_divide.cpp in Sources */,
				08DDC3C02DFA90C500C6E24A /* test_interpolate.cpp in Sources */,
				08DDC3C12DFA90C500C6E24A /* test_acos.cpp in Sources */,
				08DDC3C22DFA90C500C6E24A /* test_reshape.cpp in Sources */,
				08DDC3C32DFA90C500C6E24A /* test_sign.cpp in Sources */,
				08DDC3C42DFA90C500C6E24A /* test_exp.cpp in Sources */,
				08DDC3C52DFA90C500C6E24A /* test_dynamic.cpp in Sources */,
				08DDC3C62DFA90C500C6E24A /* test_trivial_tensor.cpp in Sources */,
				08DDC3C72DFA90C500C6E24A /* test_multiply.cpp in Sources */,
				08DDC3C82DFA90C500C6E24A /* test_permute.cpp in Sources */,
				08DDC3C92DFA90C500C6E24A /* test_substract.cpp in Sources */,
				08DDC3CA2DFA90C500C6E24A /* test_asinh.cpp in Sources */,
				08DDC3CB2DFA90C500C6E24A /* test_slice.cpp in Sources */,
				08DDC3CC2DFA90C500C6E24A /* test_sin.cpp in Sources */,
				08DDC3CD2DFA90C500C6E24A /* test_softmax.cpp in Sources */,
				08DDC3CE2DFA90C500C6E24A /* test_reduce_sum.cpp in Sources */,
			);
			runOnlyForDeploymentPostprocessing = 0;
		};
/* End PBXSourcesBuildPhase section */

/* Begin XCBuildConfiguration section */
		08095D792DFCBD0A008D6698 /* Debug */ = {
			isa = XCBuildConfiguration;
			buildSettings = {
				CLANG_CXX_LANGUAGE_STANDARD = "c++20";
				CODE_SIGN_STYLE = Automatic;
				DEAD_CODE_STRIPPING = YES;
				GCC_VERSION = com.apple.compilers.llvm.clang.1_0;
				PRODUCT_NAME = "$(TARGET_NAME)";
				SYSTEM_HEADER_SEARCH_PATHS = (
					/Volumes/Darwin/MetaNN/Tests/LayerTest,
					/Volumes/Darwin/MetaNN,
					/Volumes/Darwin/MetaNN/Tests,
				);
				USER_HEADER_SEARCH_PATHS = MetalSwift/MetalSwift;
			};
			name = Debug;
		};
		08095D7A2DFCBD0A008D6698 /* Release */ = {
			isa = XCBuildConfiguration;
			buildSettings = {
				CLANG_CXX_LANGUAGE_STANDARD = "c++20";
				CODE_SIGN_STYLE = Automatic;
				DEAD_CODE_STRIPPING = YES;
				GCC_VERSION = com.apple.compilers.llvm.clang.1_0;
				PRODUCT_NAME = "$(TARGET_NAME)";
				SYSTEM_HEADER_SEARCH_PATHS = (
					/Volumes/Darwin/MetaNN/Tests/LayerTest,
					/Volumes/Darwin/MetaNN,
					/Volumes/Darwin/MetaNN/Tests,
				);
				USER_HEADER_SEARCH_PATHS = MetalSwift/MetalSwift;
			};
			name = Release;
		};
		08095D842DFCBECB008D6698 /* Debug */ = {
			isa = XCBuildConfiguration;
			buildSettings = {
				CLANG_CXX_LANGUAGE_STANDARD = "c++20";
				CODE_SIGN_STYLE = Automatic;
				DEAD_CODE_STRIPPING = YES;
				GCC_VERSION = com.apple.compilers.llvm.clang.1_0;
				HEADER_SEARCH_PATHS = "/Volumes/Darwin/MetaNN/**";
				PRODUCT_NAME = "$(TARGET_NAME)";
				SYSTEM_HEADER_SEARCH_PATHS = (
					"/Volumes/Darwin/MetaNN/Tests/OtherTests/**",
					/Volumes/Darwin/MetaNN,
					/Volumes/Darwin/MetaNN/Tests,
					"/Volumes/Darwin/MetaNN/data/**",
				);
			};
			name = Debug;
		};
		08095D852DFCBECB008D6698 /* Release */ = {
			isa = XCBuildConfiguration;
			buildSettings = {
				CLANG_CXX_LANGUAGE_STANDARD = "c++20";
				CODE_SIGN_STYLE = Automatic;
				DEAD_CODE_STRIPPING = YES;
				GCC_VERSION = com.apple.compilers.llvm.clang.1_0;
				HEADER_SEARCH_PATHS = "/Volumes/Darwin/MetaNN/**";
				PRODUCT_NAME = "$(TARGET_NAME)";
				SYSTEM_HEADER_SEARCH_PATHS = (
					"/Volumes/Darwin/MetaNN/Tests/OtherTests/**",
					/Volumes/Darwin/MetaNN,
					/Volumes/Darwin/MetaNN/Tests,
					"/Volumes/Darwin/MetaNN/data/**",
				);
			};
			name = Release;
		};
		0870E4A82D698BBC0097085B /* Debug */ = {
			isa = XCBuildConfiguration;
			buildSettings = {
				ALWAYS_SEARCH_USER_PATHS = NO;
				ASSETCATALOG_COMPILER_GENERATE_SWIFT_ASSET_SYMBOL_EXTENSIONS = YES;
				CLANG_ANALYZER_NONNULL = YES;
				CLANG_ANALYZER_NUMBER_OBJECT_CONVERSION = YES_AGGRESSIVE;
				CLANG_CXX_LANGUAGE_STANDARD = "gnu++20";
				CLANG_ENABLE_MODULES = YES;
				CLANG_ENABLE_OBJC_ARC = YES;
				CLANG_ENABLE_OBJC_WEAK = YES;
				CLANG_WARN_BLOCK_CAPTURE_AUTORELEASING = YES;
				CLANG_WARN_BOOL_CONVERSION = YES;
				CLANG_WARN_COMMA = YES;
				CLANG_WARN_CONSTANT_CONVERSION = YES;
				CLANG_WARN_DEPRECATED_OBJC_IMPLEMENTATIONS = YES;
				CLANG_WARN_DIRECT_OBJC_ISA_USAGE = YES_ERROR;
				CLANG_WARN_DOCUMENTATION_COMMENTS = YES;
				CLANG_WARN_EMPTY_BODY = YES;
				CLANG_WARN_ENUM_CONVERSION = YES;
				CLANG_WARN_INFINITE_RECURSION = YES;
				CLANG_WARN_INT_CONVERSION = YES;
				CLANG_WARN_NON_LITERAL_NULL_CONVERSION = YES;
				CLANG_WARN_OBJC_IMPLICIT_RETAIN_SELF = YES;
				CLANG_WARN_OBJC_LITERAL_CONVERSION = YES;
				CLANG_WARN_OBJC_ROOT_CLASS = YES_ERROR;
				CLANG_WARN_QUOTED_INCLUDE_IN_FRAMEWORK_HEADER = YES;
				CLANG_WARN_RANGE_LOOP_ANALYSIS = YES;
				CLANG_WARN_STRICT_PROTOTYPES = YES;
				CLANG_WARN_SUSPICIOUS_MOVE = YES;
				CLANG_WARN_UNGUARDED_AVAILABILITY = YES_AGGRESSIVE;
				CLANG_WARN_UNREACHABLE_CODE = YES;
				CLANG_WARN__DUPLICATE_METHOD_MATCH = YES;
				COPY_PHASE_STRIP = NO;
				DEAD_CODE_STRIPPING = YES;
				DEBUG_INFORMATION_FORMAT = dwarf;
				ENABLE_STRICT_OBJC_MSGSEND = YES;
				ENABLE_TESTABILITY = YES;
				ENABLE_USER_SCRIPT_SANDBOXING = YES;
				GCC_C_LANGUAGE_STANDARD = gnu17;
				GCC_DYNAMIC_NO_PIC = NO;
				GCC_NO_COMMON_BLOCKS = YES;
				GCC_OPTIMIZATION_LEVEL = 0;
				GCC_PREPROCESSOR_DEFINITIONS = (
					"DEBUG=1",
					"$(inherited)",
				);
				GCC_VERSION = templight;
				GCC_WARN_64_TO_32_BIT_CONVERSION = YES;
				GCC_WARN_ABOUT_RETURN_TYPE = YES_ERROR;
				GCC_WARN_UNDECLARED_SELECTOR = YES;
				GCC_WARN_UNINITIALIZED_AUTOS = YES_AGGRESSIVE;
				GCC_WARN_UNUSED_FUNCTION = YES;
				GCC_WARN_UNUSED_VARIABLE = YES;
				HEADER_SEARCH_PATHS = "";
				LOCALIZATION_PREFERS_STRING_CATALOGS = YES;
				MACOSX_DEPLOYMENT_TARGET = 15.2;
				MTL_ENABLE_DEBUG_INFO = INCLUDE_SOURCE;
				MTL_FAST_MATH = YES;
				ONLY_ACTIVE_ARCH = YES;
				SDKROOT = macosx;
				SYSTEM_HEADER_SEARCH_PATHS = (
					"/Volumes/Darwin/MetaNN/Tests/DataOpTest/**",
					/Volumes/Darwin/MetaNN,
					/Volumes/Darwin/MetaNN/Tests,
				);
				USER_HEADER_SEARCH_PATHS = "'/Volumes/Developer SSD/MetalSwift/MetalSwift'";
			};
			name = Debug;
		};
		0870E4A92D698BBC0097085B /* Release */ = {
			isa = XCBuildConfiguration;
			buildSettings = {
				ALWAYS_SEARCH_USER_PATHS = NO;
				ASSETCATALOG_COMPILER_GENERATE_SWIFT_ASSET_SYMBOL_EXTENSIONS = YES;
				CLANG_ANALYZER_NONNULL = YES;
				CLANG_ANALYZER_NUMBER_OBJECT_CONVERSION = YES_AGGRESSIVE;
				CLANG_CXX_LANGUAGE_STANDARD = "gnu++20";
				CLANG_ENABLE_MODULES = YES;
				CLANG_ENABLE_OBJC_ARC = YES;
				CLANG_ENABLE_OBJC_WEAK = YES;
				CLANG_WARN_BLOCK_CAPTURE_AUTORELEASING = YES;
				CLANG_WARN_BOOL_CONVERSION = YES;
				CLANG_WARN_COMMA = YES;
				CLANG_WARN_CONSTANT_CONVERSION = YES;
				CLANG_WARN_DEPRECATED_OBJC_IMPLEMENTATIONS = YES;
				CLANG_WARN_DIRECT_OBJC_ISA_USAGE = YES_ERROR;
				CLANG_WARN_DOCUMENTATION_COMMENTS = YES;
				CLANG_WARN_EMPTY_BODY = YES;
				CLANG_WARN_ENUM_CONVERSION = YES;
				CLANG_WARN_INFINITE_RECURSION = YES;
				CLANG_WARN_INT_CONVERSION = YES;
				CLANG_WARN_NON_LITERAL_NULL_CONVERSION = YES;
				CLANG_WARN_OBJC_IMPLICIT_RETAIN_SELF = YES;
				CLANG_WARN_OBJC_LITERAL_CONVERSION = YES;
				CLANG_WARN_OBJC_ROOT_CLASS = YES_ERROR;
				CLANG_WARN_QUOTED_INCLUDE_IN_FRAMEWORK_HEADER = YES;
				CLANG_WARN_RANGE_LOOP_ANALYSIS = YES;
				CLANG_WARN_STRICT_PROTOTYPES = YES;
				CLANG_WARN_SUSPICIOUS_MOVE = YES;
				CLANG_WARN_UNGUARDED_AVAILABILITY = YES_AGGRESSIVE;
				CLANG_WARN_UNREACHABLE_CODE = YES;
				CLANG_WARN__DUPLICATE_METHOD_MATCH = YES;
				COPY_PHASE_STRIP = NO;
				DEAD_CODE_STRIPPING = YES;
				DEBUG_INFORMATION_FORMAT = "dwarf-with-dsym";
				ENABLE_NS_ASSERTIONS = NO;
				ENABLE_STRICT_OBJC_MSGSEND = YES;
				ENABLE_USER_SCRIPT_SANDBOXING = YES;
				GCC_C_LANGUAGE_STANDARD = gnu17;
				GCC_NO_COMMON_BLOCKS = YES;
				GCC_VERSION = templight;
				GCC_WARN_64_TO_32_BIT_CONVERSION = YES;
				GCC_WARN_ABOUT_RETURN_TYPE = YES_ERROR;
				GCC_WARN_UNDECLARED_SELECTOR = YES;
				GCC_WARN_UNINITIALIZED_AUTOS = YES_AGGRESSIVE;
				GCC_WARN_UNUSED_FUNCTION = YES;
				GCC_WARN_UNUSED_VARIABLE = YES;
				HEADER_SEARCH_PATHS = "";
				LOCALIZATION_PREFERS_STRING_CATALOGS = YES;
				MACOSX_DEPLOYMENT_TARGET = 15.2;
				MTL_ENABLE_DEBUG_INFO = NO;
				MTL_FAST_MATH = YES;
				SDKROOT = macosx;
				SYSTEM_HEADER_SEARCH_PATHS = (
					"/Volumes/Darwin/MetaNN/Tests/DataOpTest/**",
					/Volumes/Darwin/MetaNN,
					/Volumes/Darwin/MetaNN/Tests,
				);
				USER_HEADER_SEARCH_PATHS = "'/Volumes/Developer SSD/MetalSwift/MetalSwift'";
			};
			name = Release;
		};
		0870E4AB2D698BBC0097085B /* Debug */ = {
			isa = XCBuildConfiguration;
			buildSettings = {
				CLANG_CXX_LANGUAGE_STANDARD = "c++20";
				CODE_SIGN_STYLE = Automatic;
				DEAD_CODE_STRIPPING = YES;
				GCC_VERSION = com.apple.compilers.llvm.clang.1_0;
				PRODUCT_NAME = "$(TARGET_NAME)";
			};
			name = Debug;
		};
		0870E4AC2D698BBC0097085B /* Release */ = {
			isa = XCBuildConfiguration;
			buildSettings = {
				CLANG_CXX_LANGUAGE_STANDARD = "c++20";
				CODE_SIGN_STYLE = Automatic;
				DEAD_CODE_STRIPPING = YES;
				GCC_VERSION = com.apple.compilers.llvm.clang.1_0;
				PRODUCT_NAME = "$(TARGET_NAME)";
			};
			name = Release;
		};
/* End XCBuildConfiguration section */

/* Begin XCConfigurationList section */
		08095D782DFCBD0A008D6698 /* Build configuration list for PBXNativeTarget "LayerTest" */ = {
			isa = XCConfigurationList;
			buildConfigurations = (
				08095D792DFCBD0A008D6698 /* Debug */,
				08095D7A2DFCBD0A008D6698 /* Release */,
			);
			defaultConfigurationIsVisible = 0;
			defaultConfigurationName = Release;
		};
		08095D832DFCBECB008D6698 /* Build configuration list for PBXNativeTarget "OtherTests" */ = {
			isa = XCConfigurationList;
			buildConfigurations = (
				08095D842DFCBECB008D6698 /* Debug */,
				08095D852DFCBECB008D6698 /* Release */,
			);
			defaultConfigurationIsVisible = 0;
			defaultConfigurationName = Release;
		};
		0870E49E2D698BBC0097085B /* Build configuration list for PBXProject "MetaNNXC" */ = {
			isa = XCConfigurationList;
			buildConfigurations = (
				0870E4A82D698BBC0097085B /* Debug */,
				0870E4A92D698BBC0097085B /* Release */,
			);
			defaultConfigurationIsVisible = 0;
			defaultConfigurationName = Release;
		};
		0870E4AA2D698BBC0097085B /* Build configuration list for PBXNativeTarget "DataOpTest" */ = {
			isa = XCConfigurationList;
			buildConfigurations = (
				0870E4AB2D698BBC0097085B /* Debug */,
				0870E4AC2D698BBC0097085B /* Release */,
			);
			defaultConfigurationIsVisible = 0;
			defaultConfigurationName = Release;
		};
/* End XCConfigurationList section */
	};
	rootObject = 0870E49B2D698BBC0097085B /* Project object */;
}
